{
  "lockfile_version": 1,
  "source": "https://github.com/sazlin/loadout",
  "ref": "main",
  "resolved_sha": "49eb9bd20801e80af002cf8e9b8b94ce0602b95b",
  "synced_at": "2026-10-02T22:21:43Z",
  "tool_version": "0.54.0",
  "files": [
    {
      "dest": ".claude/agents/davinci.md",
      "src": "agents/davinci/davinci.md",
      "sha256": "4e079399bf9c42f7990fecb7721344009fcd7178e98c6d8a0d66ea0b595e79d2"
    },
    {
      "dest": ".claude/agents/implementation_build_reviewer.md",
      "src": "agents/implementation_build_reviewer/implementation_build_reviewer.md",
      "sha256": "a6471b4d1c5b4e54a43089db08c9393c3104509daa5c69f5e735ae31ea43d400"
    },
    {
      "dest": ".claude/agents/implementation_builder.md",
      "src": "agents/implementation_builder/implementation_builder.md",
      "sha256": "254651921b987fcc46235e3ec4aa457810580f412412a4e3cc6bfbf739262d32"
    },
    {
      "dest": ".claude/agents/implementation_orchestrator.md",
      "src": "agents/implementation_orchestrator/implementation_orchestrator.md",
      "sha256": "e585ab8a53748c8f970cb71a3b5acc2c5330f9f463a429012a46162f31bb9d5e"
    },
    {
      "dest": ".claude/agents/implementation_plan_reviewer.md",
      "src": "agents/implementation_plan_reviewer/implementation_plan_reviewer.md",
      "sha256": "c0dd101a938b4ea7bfd852fda516b247dbf09c9a784cd8c7bbfa93c73d3a531b"
    },
    {
      "dest": ".claude/agents/implementation_planner.md",
      "src": "agents/implementation_planner/implementation_planner.md",
      "sha256": "b7bb05d66a911997e86cf60708d7ec16ba5c6f9da7b7f0d5877e024f09f61105"
    },
    {
      "dest": ".claude/agents/issue_resolver.md",
      "src": "agents/issue_resolver/issue_resolver.md",
      "sha256": "9484c3f2b49a7a430de8ce8747afb351998309bdc1edbafc619e0db84710ef01"
    },
    {
      "dest": ".claude/agents/python_coder.md",
      "src": "agents/python_coder/python_coder.md",
      "sha256": "0313c94a1102f940206e6abdd77ccb6acf5a63025db7f009432756293cc99856"
    },
    {
      "dest": ".claude/agents/review_correctness.md",
      "src": "agents/review_correctness/review_correctness.md",
      "sha256": "f34b444031ee00e5085d07cbe019df5923e2ba22478e444a9a3f626742bfbf7d"
    },
    {
      "dest": ".claude/agents/review_maintainability.md",
      "src": "agents/review_maintainability/review_maintainability.md",
      "sha256": "93343da92aa27be6e4fceee74b69a79bf2fb972b269623b8a193b8e404dc584a"
    },
    {
      "dest": ".claude/agents/review_orchestrator.md",
      "src": "agents/review_orchestrator/review_orchestrator.md",
      "sha256": "8154d5d48cdb351665c77c5c70ec549fafe4a733a93073866228c34ba2f0296f"
    },
    {
      "dest": ".claude/agents/review_scale.md",
      "src": "agents/review_scale/review_scale.md",
      "sha256": "ecba4fa846534fed3f214f4f63c66a603a1aad21e5694591abff87fd7123b150"
    },
    {
      "dest": ".claude/agents/review_security.md",
      "src": "agents/review_security/review_security.md",
      "sha256": "b06434f46eccd60c392f0bec6d01e9f0bcbd303d14b057667a862f0f95c2d20b"
    },
    {
      "dest": ".claude/agents/risk_classifier.md",
      "src": "agents/risk_classifier/risk_classifier.md",
      "sha256": "b7355d2c24e98ae0149058f2f59d2ccab617d95b929fed80fd90aa228c193c70"
    },
    {
      "dest": ".claude/agents/verifier.md",
      "src": "agents/verifier/verifier.md",
      "sha256": "da3ca551b8b32d68cdec9d75ccc8210f4e8bb779e19a751e64068a3ca897cd5c"
    },
    {
      "dest": ".claude/settings.json",
      "src": "__generated__/claude/settings.json",
      "sha256": "35aa32887041cc503476f0e21f03fbd5706e2abbb7f97a197a0765ccbac88086"
    },
    {
      "dest": ".claude/skills/anti-sleep/SKILL.md",
      "src": "skills/anti-sleep/SKILL.md",
      "sha256": "0733b2e6b4564697d7e13e762f524f42826d64592d0e325b8155802e13464b70"
    },
    {
      "dest": ".claude/skills/anti-sleep/scripts/keep-awake",
      "src": "skills/anti-sleep/scripts/keep-awake",
      "sha256": "71e6b575e890fe49479f9f26f79b907b48ec861a787cf160ee9fe3813042aa0e",
      "mode": "755"
    },
    {
      "dest": ".claude/skills/brainstorming/SKILL.md",
      "src": "skills/brainstorming/SKILL.md",
      "sha256": "fc89463366edf11b23afe99493f8e8259a8105ac06dd43fb80370438fd8e1256"
    },
    {
      "dest": ".claude/skills/brainstorming/SOURCE.md",
      "src": "skills/brainstorming/SOURCE.md",
      "sha256": "aa476c09b08edc9900860887e86bb502f1af6b04474e7366feebb91b2e1f7d93"
    },
    {
      "dest": ".claude/skills/brainstorming/scripts/frame-template.html",
      "src": "skills/brainstorming/scripts/frame-template.html",
      "sha256": "6a8a4e58bd6a44b904e2e3c57de774481d909204597e1498de53f1b2fecc4c4e",
      "mode": "755"
    },
    {
      "dest": ".claude/skills/brainstorming/scripts/helper.js",
      "src": "skills/brainstorming/scripts/helper.js",
      "sha256": "43c6d69954a46ec34a2a262bcc62a9a7e83e839c739f199cb72646d397c686e3",
      "mode": "755"
    },
    {
      "dest": ".claude/skills/brainstorming/scripts/server.cjs",
      "src": "skills/brainstorming/scripts/server.cjs",
      "sha256": "10d306721d7551640ea715a12c267ae08e9888473f5f2a06f114587d8f574eea",
      "mode": "755"
    },
    {
      "dest": ".claude/skills/brainstorming/scripts/start-server.sh",
      "src": "skills/brainstorming/scripts/start-server.sh",
      "sha256": "a4e5ae84275bcaacd2f84345afeabe59cf7b00ba080e123da7cc1fb226f12847",
      "mode": "755"
    },
    {
      "dest": ".claude/skills/brainstorming/scripts/stop-server.sh",
      "src": "skills/brainstorming/scripts/stop-server.sh",
      "sha256": "0b5ccbbd57f62d3ed88993f7940b5ee0e5c0fc9b21c550c623da4f6292e47daf",
      "mode": "755"
    },
    {
      "dest": ".claude/skills/brainstorming/spec-document-reviewer-prompt.md",
      "src": "skills/brainstorming/spec-document-reviewer-prompt.md",
      "sha256": "95a0a195de9d984be2fffa95bab16fc8c563bc296a9cfc5e9c29cb3ece0d7457"
    },
    {
      "dest": ".claude/skills/brainstorming/visual-companion.md",
      "src": "skills/brainstorming/visual-companion.md",
      "sha256": "6ffcb038b53254bd31debaa15e12dcd4ff24bd63d690e0b644ac6396701cf2e2"
    },
    {
      "dest": ".claude/skills/build-implementation-plan/SKILL.md",
      "src": "skills/build-implementation-plan/SKILL.md",
      "sha256": "0add30a8d68f6692e766a51c5361cbf1b0e7d315c93cf53116b2eef06e0982c9"
    },
    {
      "dest": ".claude/skills/computer-use/SKILL.md",
      "src": "skills/computer-use/SKILL.md",
      "sha256": "5fb20c39c3ba34b93f9116d28038a02c44a5d1861b1c8aae15b59257b1a1b6d9"
    },
    {
      "dest": ".claude/skills/computer-use/SOURCE.md",
      "src": "skills/computer-use/SOURCE.md",
      "sha256": "7f0487d7ed141a5468e52f48385df8b2fa4b12e667feda7323070934b013f7eb"
    },
    {
      "dest": ".claude/skills/create-implementation-plan/SKILL.md",
      "src": "skills/create-implementation-plan/SKILL.md",
      "sha256": "3baa2a626297577b7aa7446be60c4f1282ba7244c481a3ef0256ced607761ff7"
    },
    {
      "dest": ".claude/skills/decisions/SKILL.md",
      "src": "skills/decisions/SKILL.md",
      "sha256": "f606378025c988573dda28215e8e36055616be1e0f2042864da116ccfa98d0de"
    },
    {
      "dest": ".claude/skills/dedupe-and-write-tasks/SKILL.md",
      "src": "skills/dedupe-and-write-tasks/SKILL.md",
      "sha256": "4478870f0a74d55ed383bf80623b0b35872a9bda41425bb97799667c0ed44a95"
    },
    {
      "dest": ".claude/skills/dedupe-and-write-tasks/references/tasks-to-resolve-template.md",
      "src": "skills/dedupe-and-write-tasks/references/tasks-to-resolve-template.md",
      "sha256": "95b1aa81b9fe2c73a1a48e8737980f687354c7a0c721754f066c43af935280bc"
    },
    {
      "dest": ".claude/skills/diagnosing-superpowers/SKILL.md",
      "src": "skills/diagnosing-superpowers/SKILL.md",
      "sha256": "01468697ee0f1f036a22e7e21628318322b85914fb11cc6f6982e659dcd4947d"
    },
    {
      "dest": ".claude/skills/diagnosing-superpowers/prompts/analyst-common.md",
      "src": "skills/diagnosing-superpowers/prompts/analyst-common.md",
      "sha256": "88801c36070be2a54a8a9a29632b01ab21db053e2e76ee49b5252a9b74ca4090"
    },
    {
      "dest": ".claude/skills/diagnosing-superpowers/prompts/cost-and-time.md",
      "src": "skills/diagnosing-superpowers/prompts/cost-and-time.md",
      "sha256": "fe97a66d4db3b436816ef82694bda413b522b3a862dd41978da01e358fffecc4"
    },
    {
      "dest": ".claude/skills/diagnosing-superpowers/prompts/plan-adherence.md",
      "src": "skills/diagnosing-superpowers/prompts/plan-adherence.md",
      "sha256": "1dcbab82033598a2e9c9ee42e950d4b1822d2c871c02cef9e102cdd5cbbda113"
    },
    {
      "dest": ".claude/skills/diagnosing-superpowers/prompts/quality-evidence.md",
      "src": "skills/diagnosing-superpowers/prompts/quality-evidence.md",
      "sha256": "749d11cf678f379ed77a29274cad456634e0284aa523639a1a214a9f2b986eb1"
    },
    {
      "dest": ".claude/skills/diagnosing-superpowers/prompts/repeated-work.md",
      "src": "skills/diagnosing-superpowers/prompts/repeated-work.md",
      "sha256": "895027f2dfa4b1b8bcdb7ac9aec8d45a80bff212fad6ec6cad5ab38fa68322f5"
    },
    {
      "dest": ".claude/skills/diagnosing-superpowers/prompts/request-conflicts.md",
      "src": "skills/diagnosing-superpowers/prompts/request-conflicts.md",
      "sha256": "e800e38d8b7752c212c76c5c3ed75cd78b749684263ea0c313586f26af6f4b5c"
    },
    {
      "dest": ".claude/skills/diagnosing-superpowers/prompts/scrub-audit.md",
      "src": "skills/diagnosing-superpowers/prompts/scrub-audit.md",
      "sha256": "5cc48f05a7f81f5f7e05e0c7ceafc0fb8774bcaf75fe88dcb5c7e408026c70ad"
    },
    {
      "dest": ".claude/skills/diagnosing-superpowers/prompts/scrub.md",
      "src": "skills/diagnosing-superpowers/prompts/scrub.md",
      "sha256": "854cb3320cc5377b493cea2f72519d67983464882db68a0f408a7d0a0f040b8c"
    },
    {
      "dest": ".claude/skills/diagnosing-superpowers/prompts/similar-session.md",
      "src": "skills/diagnosing-superpowers/prompts/similar-session.md",
      "sha256": "b190f713b463df2bb5ec3914647e204074d1bd50643a53159db6d13cace916c1"
    },
    {
      "dest": ".claude/skills/diagnosing-superpowers/prompts/skill-timeline.md",
      "src": "skills/diagnosing-superpowers/prompts/skill-timeline.md",
      "sha256": "45d604d583b57a77b9033eced8eb875ef342af70fcd66cf7d15c6dc89964890f"
    },
    {
      "dest": ".claude/skills/diagnosing-superpowers/prompts/stumbles.md",
      "src": "skills/diagnosing-superpowers/prompts/stumbles.md",
      "sha256": "1f2d1f048aff7b8b400006301f1ce8c232ecc7e9d5f705af27a849b2c03ea2e7"
    },
    {
      "dest": ".claude/skills/diagnosing-superpowers/references/context-safety.md",
      "src": "skills/diagnosing-superpowers/references/context-safety.md",
      "sha256": "e6be2bd3495f454d4bedee9484d728d245d1fa656e11fc4ceec5693c16e4730a"
    },
    {
      "dest": ".claude/skills/diagnosing-superpowers/references/github-issues.md",
      "src": "skills/diagnosing-superpowers/references/github-issues.md",
      "sha256": "a656f5e15b21c7a200c39c038f5ede74b9d6ea3ceeb90f39af7e930c8d8424d6"
    },
    {
      "dest": ".claude/skills/diagnosing-superpowers/references/redaction-policy.md",
      "src": "skills/diagnosing-superpowers/references/redaction-policy.md",
      "sha256": "96b16f47074838fe2d7e609577d6f8b0ad460f8378b281a3f96ee23cb5a08bde"
    },
    {
      "dest": ".claude/skills/diagnosing-superpowers/references/session-discovery.md",
      "src": "skills/diagnosing-superpowers/references/session-discovery.md",
      "sha256": "6d1dced083e5d978448a78df298cf515531b0eb39b2854a4a2afbffeb69a7435"
    },
    {
      "dest": ".claude/skills/diagnosing-superpowers/templates/bundle-README.md",
      "src": "skills/diagnosing-superpowers/templates/bundle-README.md",
      "sha256": "2e6ddc6b106028d5ebd00a50ad93a77111d675c219ee1273cd0857869e8d51ec"
    },
    {
      "dest": ".claude/skills/diagnosing-superpowers/templates/case.md",
      "src": "skills/diagnosing-superpowers/templates/case.md",
      "sha256": "597892462be83bc478536ec91f7c285f6dd25d119c560734a3a180fe8471301d"
    },
    {
      "dest": ".claude/skills/diagnosing-superpowers/templates/issue.md",
      "src": "skills/diagnosing-superpowers/templates/issue.md",
      "sha256": "8f28dbfe60602f77dda76d81815cb4e2dce7d3e2a93348890e1581be8310ac1f"
    },
    {
      "dest": ".claude/skills/diagnosing-superpowers/templates/report.md",
      "src": "skills/diagnosing-superpowers/templates/report.md",
      "sha256": "38295d0fd785e8608f330815c59ebd7047942002ec7085aecbed54681f56b0c1"
    },
    {
      "dest": ".claude/skills/dispatch-panel-review/SKILL.md",
      "src": "skills/dispatch-panel-review/SKILL.md",
      "sha256": "2eabd8a7c2c0421aa79d223aefe42fa397bee2be929f57ba097810cf73169700"
    },
    {
      "dest": ".claude/skills/dispatch-resolve-wave/SKILL.md",
      "src": "skills/dispatch-resolve-wave/SKILL.md",
      "sha256": "6640dd3c5dac9f10f23fa79716784a1cddafbc9de5f15e550fcb341375b2d973"
    },
    {
      "dest": ".claude/skills/dispatch-resolve-wave/scripts/partition_waves.py",
      "src": "skills/dispatch-resolve-wave/scripts/partition_waves.py",
      "sha256": "26e9f0240c2f99cc1e2eed9d453f83a6b43770def7f1befcc457850f5cf66904",
      "mode": "755"
    },
    {
      "dest": ".claude/skills/dispatch-resolve-wave/scripts/prepare_wave_worktrees.py",
      "src": "skills/dispatch-resolve-wave/scripts/prepare_wave_worktrees.py",
      "sha256": "30b334922f1a2ccf1430aa6a847bd890e95047ae84e2b0a1235ea36ae22ad771",
      "mode": "755"
    },
    {
      "dest": ".claude/skills/dispatch-verifiers/SKILL.md",
      "src": "skills/dispatch-verifiers/SKILL.md",
      "sha256": "af10c2a3f6d64f77e4e999e583058ef235db3b2df284443d05a8197cf78100a8"
    },
    {
      "dest": ".claude/skills/dispatching-parallel-agents/SKILL.md",
      "src": "skills/dispatching-parallel-agents/SKILL.md",
      "sha256": "68e4316600e36256c70f4d5b124e6d806ea365c7dcaae7c16f439a4d7ba819ec"
    },
    {
      "dest": ".claude/skills/executing-plans/SKILL.md",
      "src": "skills/executing-plans/SKILL.md",
      "sha256": "d587bc53acc813c99e385484d7adfedbd1011f956c13d4f2b63f944212879c7d"
    },
    {
      "dest": ".claude/skills/executing-plans/scripts/task-done",
      "src": "skills/executing-plans/scripts/task-done",
      "sha256": "8cd8c5974a8f3cebfd676ee0a2f1bf15c652b09bb889d437c22ae5cbbb0ff5b1",
      "mode": "755"
    },
    {
      "dest": ".claude/skills/executing-plans/scripts/task-start",
      "src": "skills/executing-plans/scripts/task-start",
      "sha256": "f833693c8fce3700fc9f841562d80f8015cd40f652c168a3405ac3e46947a1fe",
      "mode": "755"
    },
    {
      "dest": ".claude/skills/finishing-a-development-branch/SKILL.md",
      "src": "skills/finishing-a-development-branch/SKILL.md",
      "sha256": "9980b9b6e171d7517418e4d67d6d18b047044ef9d234ac00481534567e8870e7"
    },
    {
      "dest": ".claude/skills/github-upload-media-to-pr/SKILL.md",
      "src": "skills/github-upload-media-to-pr/SKILL.md",
      "sha256": "fb4b874cb6c93ee171bd4896db4a526ce4904d5fdfc5e91bf8c4ae7722561b14"
    },
    {
      "dest": ".claude/skills/herdr/SKILL.md",
      "src": "skills/herdr/SKILL.md",
      "sha256": "58b938e3219745b17cfbea49432c8c66d3db7574c7d2c8c5c5435704a46f351b"
    },
    {
      "dest": ".claude/skills/herdr/SOURCE.md",
      "src": "skills/herdr/SOURCE.md",
      "sha256": "899bae57d62828a569a9cced9460acc4099afe699b4710ed5543977fc00e50c1"
    },
    {
      "dest": ".claude/skills/learn/SKILL.md",
      "src": "skills/learn/SKILL.md",
      "sha256": "21aae1b23c912d3c2876a99227e1b601ef8038390a204c850b0ea473caf287e8"
    },
    {
      "dest": ".claude/skills/log-progress/SKILL.md",
      "src": "skills/log-progress/SKILL.md",
      "sha256": "68efb2711f8e560c4f14cad286bf9015c4740901ba3efc3ba89869098a4f068e"
    },
    {
      "dest": ".claude/skills/log-progress/references/review-history-template.md",
      "src": "skills/log-progress/references/review-history-template.md",
      "sha256": "2bc2156fafd40309c6c90142a19c554f9c36a9945ca88003d9f3017c0ef00535"
    },
    {
      "dest": ".claude/skills/log-progress/scripts/trim_review_history.py",
      "src": "skills/log-progress/scripts/trim_review_history.py",
      "sha256": "c0baa94f7afc1bc80bddba87d7af611259ec3f53bd88d96db9a1448c8281d473",
      "mode": "755"
    },
    {
      "dest": ".claude/skills/make-readme/README_TEMPLATE.md",
      "src": "skills/make-readme/README_TEMPLATE.md",
      "sha256": "1db18835648d85ec812f706b351abaf4cae56d04537b1f1e89975b0b5022fb19"
    },
    {
      "dest": ".claude/skills/make-readme/SKILL.md",
      "src": "skills/make-readme/SKILL.md",
      "sha256": "c1008a5eb98cdf962e9882710672e90521446aaada23bb8cac66e4ae1cf9689e"
    },
    {
      "dest": ".claude/skills/make-readme/references/badges.md",
      "src": "skills/make-readme/references/badges.md",
      "sha256": "9bdfce83a330d3afa5db243750302b4dc1b606f0790c77473e38657007da60e6"
    },
    {
      "dest": ".claude/skills/make-readme/references/evidence.md",
      "src": "skills/make-readme/references/evidence.md",
      "sha256": "accac4ae5be12db2b72a117dc4ab4fd30a69e7cdaf5679940a120ee8077d6a28"
    },
    {
      "dest": ".claude/skills/make-readme/references/project-types.md",
      "src": "skills/make-readme/references/project-types.md",
      "sha256": "fb49bb8150bd6411c86060791f49524287ef611a1752c3afa2e3f9305c13319a"
    },
    {
      "dest": ".claude/skills/make-readme/references/section-playbook.md",
      "src": "skills/make-readme/references/section-playbook.md",
      "sha256": "0a9c027bde0b37046f63776715d26070dd31db99b6ce93bb844774395fa37112"
    },
    {
      "dest": ".claude/skills/make-readme/scripts/corpus_analyzer.py",
      "src": "skills/make-readme/scripts/corpus_analyzer.py",
      "sha256": "755e775782b732105325e707d0fae40212569ffd329252af548706e95e1bd7e5",
      "mode": "755"
    },
    {
      "dest": ".claude/skills/make-readme/scripts/inspect_repo.py",
      "src": "skills/make-readme/scripts/inspect_repo.py",
      "sha256": "2821b375e0a6facdc1ec9e9617e5fc6a60a0000f272a0ef5900201d9abdea439",
      "mode": "755"
    },
    {
      "dest": ".claude/skills/make-readme/scripts/score_readme.py",
      "src": "skills/make-readme/scripts/score_readme.py",
      "sha256": "6d3df2e510c7f03836cba00b6c38822bd13cced92d4ffe1052827f8fa54cbaeb",
      "mode": "755"
    },
    {
      "dest": ".claude/skills/next-decision/SKILL.md",
      "src": "skills/next-decision/SKILL.md",
      "sha256": "5de872a21d22c0e43cf6e4c6550c3045599816650cb8831b5704f28d059dc235"
    },
    {
      "dest": ".claude/skills/orca-cli/SKILL.md",
      "src": "skills/orca-cli/SKILL.md",
      "sha256": "2fa3ec54a0eb745f4884ea34fcf359d12bc50dad686a53da32e6428a752f6348"
    },
    {
      "dest": ".claude/skills/orca-cli/SOURCE.md",
      "src": "skills/orca-cli/SOURCE.md",
      "sha256": "fe9bc09be626f47333e0fa1e7b022ea8a383d813e21642a2b34ab6cebbc65d59"
    },
    {
      "dest": ".claude/skills/orca-emulator-android/SKILL.md",
      "src": "skills/orca-emulator-android/SKILL.md",
      "sha256": "67e03215b8c99bb3877b320da5b3535da485ca4f341fe51bf513b3fc610b0302"
    },
    {
      "dest": ".claude/skills/orca-emulator-android/SOURCE.md",
      "src": "skills/orca-emulator-android/SOURCE.md",
      "sha256": "9605b69c55abaf53133f7a3dbf4e73de513c8e43eb7ef181d613bded66d0e274"
    },
    {
      "dest": ".claude/skills/orca-emulator/SKILL.md",
      "src": "skills/orca-emulator/SKILL.md",
      "sha256": "37626ede090acfe607b9894e88cafacb61312a973fe7e337033cf1c9dbb2bc9d"
    },
    {
      "dest": ".claude/skills/orca-emulator/SOURCE.md",
      "src": "skills/orca-emulator/SOURCE.md",
      "sha256": "0f72af3597af1ca707de71a4f203f84a8b46c9cf9bb984acabebd90aefbd6e14"
    },
    {
      "dest": ".claude/skills/orca-linear/SKILL.md",
      "src": "skills/orca-linear/SKILL.md",
      "sha256": "a785ea2fa11e5bee239bfbde2d07678089407c2421f5d4b6539ead9449a93806"
    },
    {
      "dest": ".claude/skills/orca-linear/SOURCE.md",
      "src": "skills/orca-linear/SOURCE.md",
      "sha256": "f9f9d081693c6078785685c5e4b0e2f3342e79c8fa8d6075d26825075ff29270"
    },
    {
      "dest": ".claude/skills/orca-per-workspace-env/SKILL.md",
      "src": "skills/orca-per-workspace-env/SKILL.md",
      "sha256": "14787cb72abb12f8cd2473471c8fef444ba990d206d871e191b8ada9438272c7"
    },
    {
      "dest": ".claude/skills/orca-per-workspace-env/SOURCE.md",
      "src": "skills/orca-per-workspace-env/SOURCE.md",
      "sha256": "5c336d409b6a43161511cd2a0e4de8bca8bb8e6c57b668f8f7df28d094ed36e7"
    },
    {
      "dest": ".claude/skills/orchestration/SKILL.md",
      "src": "skills/orchestration/SKILL.md",
      "sha256": "6b84718784d9a4fd8ba0a32d1631d64af6d35356a71104d24ddc174a1a28b76b"
    },
    {
      "dest": ".claude/skills/orchestration/SOURCE.md",
      "src": "skills/orchestration/SOURCE.md",
      "sha256": "46909da8a28b939b564cf992f8192df5abdd78b554120a8157c7e2e1a1a77f62"
    },
    {
      "dest": ".claude/skills/ponytail-audit/SKILL.md",
      "src": "skills/ponytail-audit/SKILL.md",
      "sha256": "bebf8b69cf15e0aeb778fd11b6e9170218a9d6acea4daedafa23224ac6e96271"
    },
    {
      "dest": ".claude/skills/ponytail-audit/SOURCE.md",
      "src": "skills/ponytail-audit/SOURCE.md",
      "sha256": "3cb46d0b3cb97db8f97a93ac60fdd93da609dec1a4fbb16ea9b6c6da6bf2c524"
    },
    {
      "dest": ".claude/skills/ponytail-debt/SKILL.md",
      "src": "skills/ponytail-debt/SKILL.md",
      "sha256": "af35913e35bb775bae7d40205a806149f50e7fcd869ec16fa6c9cf1660e7a977"
    },
    {
      "dest": ".claude/skills/ponytail-debt/SOURCE.md",
      "src": "skills/ponytail-debt/SOURCE.md",
      "sha256": "0544eac46c9b64a6577c06ae7f1bc55e4a79608d8101a614770b874658f12daf"
    },
    {
      "dest": ".claude/skills/ponytail-gain/SKILL.md",
      "src": "skills/ponytail-gain/SKILL.md",
      "sha256": "faf79467db9617f0f343a41dcff773630f6d69142e4500ee3081c793866e6f22"
    },
    {
      "dest": ".claude/skills/ponytail-gain/SOURCE.md",
      "src": "skills/ponytail-gain/SOURCE.md",
      "sha256": "f72997e001b15d06ca14dacef5df8433e6386cf0bccee35a88ddcf1ac88541be"
    },
    {
      "dest": ".claude/skills/ponytail-help/SKILL.md",
      "src": "skills/ponytail-help/SKILL.md",
      "sha256": "25f802e66703419e0621d42ea33c64295c6fea11370ea19afeee798f74081979"
    },
    {
      "dest": ".claude/skills/ponytail-help/SOURCE.md",
      "src": "skills/ponytail-help/SOURCE.md",
      "sha256": "fa378eb16a3b5748a1ba9a2e4c1eea53f3522717bb71f0eb71557b06a001cb04"
    },
    {
      "dest": ".claude/skills/ponytail-review/SKILL.md",
      "src": "skills/ponytail-review/SKILL.md",
      "sha256": "559098fbc30b7c5590fe6fa0319acc8f5ee3bd0926c0db4914cae459883cc160"
    },
    {
      "dest": ".claude/skills/ponytail-review/SOURCE.md",
      "src": "skills/ponytail-review/SOURCE.md",
      "sha256": "d7babd69579435aacd6a55274f264fc10e98d5ac6eec709700d51c27933d9c98"
    },
    {
      "dest": ".claude/skills/ponytail/SKILL.md",
      "src": "skills/ponytail/SKILL.md",
      "sha256": "f4c0aad8e9accf428f1e139319c32bf3a9d4dc164d327ce3df1de82f65fae9fe"
    },
    {
      "dest": ".claude/skills/ponytail/SOURCE.md",
      "src": "skills/ponytail/SOURCE.md",
      "sha256": "b6d3d58b443595486553a6b8286ae5bb582d47d0372ddee44f2b7a7952b83257"
    },
    {
      "dest": ".claude/skills/receiving-code-review/SKILL.md",
      "src": "skills/receiving-code-review/SKILL.md",
      "sha256": "4c0023112b4409d2b93dd87890859e2a0d17f9a842347266d9c99f189f60fd49"
    },
    {
      "dest": ".claude/skills/release-checklist/SKILL.md",
      "src": "skills/release-checklist/SKILL.md",
      "sha256": "8f015dbb934fa6948764a4d6f3d2cf5731764acefc8adf22ff5e3e56bd1bc1e0"
    },
    {
      "dest": ".claude/skills/report-review-run/SKILL.md",
      "src": "skills/report-review-run/SKILL.md",
      "sha256": "429d82be027a742793297caebda96d5310acb975408071642c8083e8a9a3752b"
    },
    {
      "dest": ".claude/skills/report-review-run/scripts/review_run_report.py",
      "src": "skills/report-review-run/scripts/review_run_report.py",
      "sha256": "c1c1b7dd8f2b6403024f44e0d8277032da2feec14eaa289c380a17e8a7338ea8",
      "mode": "755"
    },
    {
      "dest": ".claude/skills/requesting-code-review/SKILL.md",
      "src": "skills/requesting-code-review/SKILL.md",
      "sha256": "54a09af156c560410ecf3d44c824f7e0acd5af7f5ce9c799eba469baac59e212"
    },
    {
      "dest": ".claude/skills/requesting-code-review/code-reviewer.md",
      "src": "skills/requesting-code-review/code-reviewer.md",
      "sha256": "82e370be6b3447523816286195571e4216ba56ba1ad6ad0e87862294c4c78dcb"
    },
    {
      "dest": ".claude/skills/resolve-next-task/SKILL.md",
      "src": "skills/resolve-next-task/SKILL.md",
      "sha256": "742a3cca0d72a635a152b0bbce6dbdf1458459f5b912de8fbcde4bdb815b5666"
    },
    {
      "dest": ".claude/skills/review-implementation-build/SKILL.md",
      "src": "skills/review-implementation-build/SKILL.md",
      "sha256": "2102bd2f04cec8eddfb16e2e0609299b8d17fdb887c0e9271430e9315c4ffaad"
    },
    {
      "dest": ".claude/skills/review-implementation-plan/SKILL.md",
      "src": "skills/review-implementation-plan/SKILL.md",
      "sha256": "301d84a79e9dc7770c08a33f0efb2eef43f5caaa169f8652d3ae6c746861e56f"
    },
    {
      "dest": ".claude/skills/rtk/SKILL.md",
      "src": "skills/rtk/SKILL.md",
      "sha256": "14b575bae5e14415d02d1316a44e3dd6d0868f9d46712be4297c364f17741aad"
    },
    {
      "dest": ".claude/skills/rtk/SOURCE.md",
      "src": "skills/rtk/SOURCE.md",
      "sha256": "53b6559a2b8277c45c7e8f9e2fdc077b4be6bd62a27d8f0c28af2d5f755e6c56"
    },
    {
      "dest": ".claude/skills/subagent-driven-development/SKILL.md",
      "src": "skills/subagent-driven-development/SKILL.md",
      "sha256": "3cdbe590fa6d5a172844510c98027bb53c0e4a08cce0a4fc7363e4f2f207c919"
    },
    {
      "dest": ".claude/skills/subagent-driven-development/implementer-prompt.md",
      "src": "skills/subagent-driven-development/implementer-prompt.md",
      "sha256": "81dd9d5a3fb0b09b96b5829f03b9796842f3199ef7591d1ba1c2db2a515f64d0"
    },
    {
      "dest": ".claude/skills/subagent-driven-development/re-review-prompt.md",
      "src": "skills/subagent-driven-development/re-review-prompt.md",
      "sha256": "0828a5e9cbb12ba49f14621dd8c3953c48c0fc383e75bb5494f055ed0d6d824f"
    },
    {
      "dest": ".claude/skills/subagent-driven-development/scripts/review-package",
      "src": "skills/subagent-driven-development/scripts/review-package",
      "sha256": "f9275175b2276b1d5fdb1bae0bedaadd2a950659b7c6f311ea37ff85e1861b1f",
      "mode": "755"
    },
    {
      "dest": ".claude/skills/subagent-driven-development/scripts/sdd-workspace",
      "src": "skills/subagent-driven-development/scripts/sdd-workspace",
      "sha256": "75ca46c756ba4209ca36e0d3d65567257ceb33bc7a6775b9dad946707cb3bd7b",
      "mode": "755"
    },
    {
      "dest": ".claude/skills/subagent-driven-development/scripts/task-brief",
      "src": "skills/subagent-driven-development/scripts/task-brief",
      "sha256": "cc563538e09abf719b34ddf4b2fa7a65cf3b301729039dbfa923cb060f729146",
      "mode": "755"
    },
    {
      "dest": ".claude/skills/subagent-driven-development/task-reviewer-prompt.md",
      "src": "skills/subagent-driven-development/task-reviewer-prompt.md",
      "sha256": "bfed55c8f19d0ff6ed57b0fe09127c92890e9311c6c73917129598826bf9ebe8"
    },
    {
      "dest": ".claude/skills/systematic-debugging/CREATION-LOG.md",
      "src": "skills/systematic-debugging/CREATION-LOG.md",
      "sha256": "c24733a5b1821bd6bed1fc950261f0b9f4e90097e0bbb96459d8179713730789"
    },
    {
      "dest": ".claude/skills/systematic-debugging/SKILL.md",
      "src": "skills/systematic-debugging/SKILL.md",
      "sha256": "c45f47150fbebdcb65b5b8d9472ced57944f4fd7d9412734648e4c4619627c1e"
    },
    {
      "dest": ".claude/skills/systematic-debugging/condition-based-waiting-example.ts",
      "src": "skills/systematic-debugging/condition-based-waiting-example.ts",
      "sha256": "40ae5ebe497fdf310200e43fe986552546d0a22837c0d39e855db1cfd33eb88e"
    },
    {
      "dest": ".claude/skills/systematic-debugging/condition-based-waiting.md",
      "src": "skills/systematic-debugging/condition-based-waiting.md",
      "sha256": "e89fec8400d6cd50f43407cec9fab50976ba4d55d0ec2eb51c0bd68036b54c26"
    },
    {
      "dest": ".claude/skills/systematic-debugging/defense-in-depth.md",
      "src": "skills/systematic-debugging/defense-in-depth.md",
      "sha256": "1e175fb86fc357e58c6aebf5441e481e1b7868b4380c0456b63a17eefbd18ba7"
    },
    {
      "dest": ".claude/skills/systematic-debugging/find-polluter.sh",
      "src": "skills/systematic-debugging/find-polluter.sh",
      "sha256": "dd7b8f13c4cc2a24b33ff87b18da9248f3e1c80a085c3316224f69ff0fa5c43c",
      "mode": "755"
    },
    {
      "dest": ".claude/skills/systematic-debugging/root-cause-tracing.md",
      "src": "skills/systematic-debugging/root-cause-tracing.md",
      "sha256": "75b933b6a8c40bdb2031b10f21654395b56ec6ab6bc7b018c18d3fe57aeb7fb8"
    },
    {
      "dest": ".claude/skills/systematic-debugging/test-academic.md",
      "src": "skills/systematic-debugging/test-academic.md",
      "sha256": "fe2ba480d78ac0d686dc025f41c2a32a43d642bf533f91b0c6053a04d35d6486"
    },
    {
      "dest": ".claude/skills/systematic-debugging/test-pressure-1.md",
      "src": "skills/systematic-debugging/test-pressure-1.md",
      "sha256": "0b6a915db0054577819834c79be9eb614e97bddba10d73768e1fbe91cfed048a"
    },
    {
      "dest": ".claude/skills/systematic-debugging/test-pressure-2.md",
      "src": "skills/systematic-debugging/test-pressure-2.md",
      "sha256": "b2030aeffba07050e8ad573ddf87486457c4a016a786bb326235bebd856f2016"
    },
    {
      "dest": ".claude/skills/systematic-debugging/test-pressure-3.md",
      "src": "skills/systematic-debugging/test-pressure-3.md",
      "sha256": "96b50a52e2c7989c9cf20fb752c47c1e9a3a70dc362f8f7989f8f5b64dac7708"
    },
    {
      "dest": ".claude/skills/tailscale/LICENSE",
      "src": "skills/tailscale/LICENSE",
      "sha256": "ca47fae724a2dbc238f896c2b6cfd96fa7735916d852e559a8403cd384ba7132"
    },
    {
      "dest": ".claude/skills/tailscale/SKILL.md",
      "src": "skills/tailscale/SKILL.md",
      "sha256": "0cedd4f551f89d8b2104186a3e401656237a6a66bb56429803fccf57fd0a8f63"
    },
    {
      "dest": ".claude/skills/tailscale/SOURCE.md",
      "src": "skills/tailscale/SOURCE.md",
      "sha256": "90e4f5ba20d7a1df6a6cfa8e89044830da277c836a712c7fb6b6c6067253c282"
    },
    {
      "dest": ".claude/skills/tailscale/references/access-control.md",
      "src": "skills/tailscale/references/access-control.md",
      "sha256": "5edad7470bf2c0e7206b00a49ff957adae072d2c400e482f47deb9ce84ffa716"
    },
    {
      "dest": ".claude/skills/tailscale/references/aperture.md",
      "src": "skills/tailscale/references/aperture.md",
      "sha256": "67d70a8a366749cb2c24f01e0bfe5263f9d8d76330711e6f239fab7bd66c51a6"
    },
    {
      "dest": ".claude/skills/tailscale/references/api.md",
      "src": "skills/tailscale/references/api.md",
      "sha256": "b95a3faec25bbf9365e04a74420d47c3f74fa6b991e65b24738cbd566145a1ee"
    },
    {
      "dest": ".claude/skills/tailscale/references/border0.md",
      "src": "skills/tailscale/references/border0.md",
      "sha256": "d720e653f75810f29b7a4c5b5f8a2bf4aba9a747074b974193e08f59aceccce9"
    },
    {
      "dest": ".claude/skills/tailscale/references/cli.md",
      "src": "skills/tailscale/references/cli.md",
      "sha256": "4f1edcb0384f367b6f736d6f64f423afdf161c42d26d93773ccba1e5a5dd8a9e"
    },
    {
      "dest": ".claude/skills/tailscale/references/common-tasks.md",
      "src": "skills/tailscale/references/common-tasks.md",
      "sha256": "212a405a2ab93dc99641a0c747a80beec1e6ac44d5c842211d20ec058bd680ca"
    },
    {
      "dest": ".claude/skills/tailscale/references/connectivity.md",
      "src": "skills/tailscale/references/connectivity.md",
      "sha256": "f4877f87150eff26d86f84bb3b8cd9bfd347b42130c17c3f25277bce8ee39cec"
    },
    {
      "dest": ".claude/skills/tailscale/references/containers.md",
      "src": "skills/tailscale/references/containers.md",
      "sha256": "28dbe71e8f6438a02cfa749d950dd3222cf648c228cd08ba086a5945516fad4c"
    },
    {
      "dest": ".claude/skills/tailscale/references/device-management.md",
      "src": "skills/tailscale/references/device-management.md",
      "sha256": "99e5bc250b92c84261fe8b09572cedb98825c8f6bfe3a455bf62db208d4eea13"
    },
    {
      "dest": ".claude/skills/tailscale/references/enterprise.md",
      "src": "skills/tailscale/references/enterprise.md",
      "sha256": "f046ba4bef6becee4a17f3aa672a1f51d337e496f841fc1f25647f7e64f251ad"
    },
    {
      "dest": ".claude/skills/tailscale/references/error-messages.md",
      "src": "skills/tailscale/references/error-messages.md",
      "sha256": "8da869019e10da04f1b7faa29422a74792fe47ad915ee266c18f59cb6b5e0c24"
    },
    {
      "dest": ".claude/skills/tailscale/references/exit-nodes.md",
      "src": "skills/tailscale/references/exit-nodes.md",
      "sha256": "6ed5ec2d6bbd4ace82fcf0ff3ab37237f32b4f61e12722d65b5d38e1dc9ca735"
    },
    {
      "dest": ".claude/skills/tailscale/references/installation.md",
      "src": "skills/tailscale/references/installation.md",
      "sha256": "3102a0b386f78d890ffdd6f82b3a1ce179c51fc35ab91d642075d6281b0c910b"
    },
    {
      "dest": ".claude/skills/tailscale/references/session-recording.md",
      "src": "skills/tailscale/references/session-recording.md",
      "sha256": "4f2b3a9f23501d27e3ff6004673346362ffae2899c18d9401034b1081da7f521"
    },
    {
      "dest": ".claude/skills/tailscale/references/sharing-and-publishing.md",
      "src": "skills/tailscale/references/sharing-and-publishing.md",
      "sha256": "bda6da544965189a1ee9fc4f9e5ffaea76708309d5a26521d013eb1e869c45fb"
    },
    {
      "dest": ".claude/skills/tailscale/references/subnet-routers.md",
      "src": "skills/tailscale/references/subnet-routers.md",
      "sha256": "120ae47bb355de0662181cef02ebf83e9c35975a5c13bf3d089351411ced4815"
    },
    {
      "dest": ".claude/skills/tailscale/references/tsnet.md",
      "src": "skills/tailscale/references/tsnet.md",
      "sha256": "97ab3682d7c397ea7b04350862fdd28a9acef18ce54881fa48d98e411a43a166"
    },
    {
      "dest": ".claude/skills/test-driven-development/SKILL.md",
      "src": "skills/test-driven-development/SKILL.md",
      "sha256": "a74b0946df3a7108208a879746d95f232a263f68ba2c9b60e1899f340ba7732f"
    },
    {
      "dest": ".claude/skills/test-driven-development/writing-good-tests.md",
      "src": "skills/test-driven-development/writing-good-tests.md",
      "sha256": "51471c853306ff92ca8bb41dcaea05f31c0e46b03651f8f3c99754b7172f4ae1"
    },
    {
      "dest": ".claude/skills/unslop/SKILL.md",
      "src": "skills/unslop/SKILL.md",
      "sha256": "bf1ae4599c4cd54b09cc1323aeb3979c04c55f17e5c7bb818cfeee3794546bdc"
    },
    {
      "dest": ".claude/skills/unslop/SOURCE.md",
      "src": "skills/unslop/SOURCE.md",
      "sha256": "f3dc4b868c27ffdeda5847583d8b02576407fb038cf31ae16a9324fe9b3b912c"
    },
    {
      "dest": ".claude/skills/using-git-worktrees/SKILL.md",
      "src": "skills/using-git-worktrees/SKILL.md",
      "sha256": "edefa7a03be4f7ddc647773efee0215f2ea73e2aae1d3a4c4af26f6203aaf160"
    },
    {
      "dest": ".claude/skills/using-superpowers/SKILL.md",
      "src": "skills/using-superpowers/SKILL.md",
      "sha256": "10e22b2662dd438d9e85f3e4ea7ea1001479e9ed197f40cd9cd6089e2afaafd4"
    },
    {
      "dest": ".claude/skills/using-superpowers/references/antigravity-tools.md",
      "src": "skills/using-superpowers/references/antigravity-tools.md",
      "sha256": "4880f6de3da4e32f9659ebe7a72b9e0ebfff04e028c2ed96173f86d0387a04c0"
    },
    {
      "dest": ".claude/skills/using-superpowers/references/claude-code-tools.md",
      "src": "skills/using-superpowers/references/claude-code-tools.md",
      "sha256": "21479a3fee27448cab8748a3b5687e53bb257883bda9c070426f9a1ab5cebf1b"
    },
    {
      "dest": ".claude/skills/using-superpowers/references/codex-tools.md",
      "src": "skills/using-superpowers/references/codex-tools.md",
      "sha256": "1a38ad9b188c393052f58d95657a1c35ea6aafc8b5a27f198f3922912f70bbe7"
    },
    {
      "dest": ".claude/skills/using-superpowers/references/gemini-tools.md",
      "src": "skills/using-superpowers/references/gemini-tools.md",
      "sha256": "62b9157bcb0ee3c6784e3d0da0798ddfa5872f9e0c34bea48f3079dabea71965"
    },
    {
      "dest": ".claude/skills/using-superpowers/references/hermes-tools.md",
      "src": "skills/using-superpowers/references/hermes-tools.md",
      "sha256": "e2185c976a3c87503910e05e2aea58cc89bc8e569bb624b93df9958ac47a9190"
    },
    {
      "dest": ".claude/skills/using-superpowers/references/muse-tools.md",
      "src": "skills/using-superpowers/references/muse-tools.md",
      "sha256": "5a1da5c575fe18456ca71cd47ebfd8a38c745f8d82a67fe64d5b83080000eeb3"
    },
    {
      "dest": ".claude/skills/using-superpowers/references/pi-tools.md",
      "src": "skills/using-superpowers/references/pi-tools.md",
      "sha256": "703dbc83d23ecab9c6f388460c38abc482e9dee2fe6772a8c7a255152ad3a4d5"
    },
    {
      "dest": ".claude/skills/verification-before-completion/SKILL.md",
      "src": "skills/verification-before-completion/SKILL.md",
      "sha256": "37c4e47889711ee54822dca6e1cdc12edb13aa8f8db661e877ff8ca7af39546a"
    },
    {
      "dest": ".claude/skills/writing-plans/SKILL.md",
      "src": "skills/writing-plans/SKILL.md",
      "sha256": "cab63e2d90114add92deff34ff79573bf4a8a41dbf71cd032c4ce8f48c075db5"
    },
    {
      "dest": ".claude/skills/writing-skills/SKILL.md",
      "src": "skills/writing-skills/SKILL.md",
      "sha256": "f688c0c133ac484709ef2188f455beb27cb7960af50e7c45e6440ecc2719d3a8"
    },
    {
      "dest": ".claude/skills/writing-skills/anthropic-best-practices.md",
      "src": "skills/writing-skills/anthropic-best-practices.md",
      "sha256": "217629b356c09c9bd11017c9788e8fc654ca1b32c92d4a51cd490e16dd65e59a"
    },
    {
      "dest": ".claude/skills/writing-skills/examples/CLAUDE_MD_TESTING.md",
      "src": "skills/writing-skills/examples/CLAUDE_MD_TESTING.md",
      "sha256": "0b379a3415e185d3c434b3ad283d8aa132f3022c2a4f210f168865b5986bcef0"
    },
    {
      "dest": ".claude/skills/writing-skills/graphviz-conventions.dot",
      "src": "skills/writing-skills/graphviz-conventions.dot",
      "sha256": "e2890a593c91370e384b42f2f67b1a6232c9e69dddea7891a0c1c46d7b20b694"
    },
    {
      "dest": ".claude/skills/writing-skills/persuasion-principles.md",
      "src": "skills/writing-skills/persuasion-principles.md",
      "sha256": "a51bc9bf75189ea73a27b3fb504a2fdfdb966fb1f7f1cdf03203230a216ccc03"
    },
    {
      "dest": ".claude/skills/writing-skills/render-graphs.js",
      "src": "skills/writing-skills/render-graphs.js",
      "sha256": "c7f412cc629461c4d10287e668731874c0497707023e3e3f74a5355eb2cee196",
      "mode": "755"
    },
    {
      "dest": ".claude/skills/writing-skills/testing-skills-with-subagents.md",
      "src": "skills/writing-skills/testing-skills-with-subagents.md",
      "sha256": "c711346852c911b24a84aa161e0cff06a4cd7f4e2fa9e9c0a266cead5afcbade"
    },
    {
      "dest": ".cursor/hooks.json",
      "src": "__generated__/cursor/hooks.json",
      "sha256": "0b02345c55319f16b258b07306d616968c3ff54a08099f078c5fe61c9fadb238"
    },
    {
      "dest": ".cursor/hooks/deny-dangerous/dangerous-patterns.txt",
      "src": "hooks/deny-dangerous/dangerous-patterns.txt",
      "sha256": "9bd6e7ea686253890b4c59b4bf50281ee2b901abfd5bd4160b3d6d4e2c19cdb8"
    },
    {
      "dest": ".cursor/hooks/deny-dangerous/deny-dangerous.sh",
      "src": "hooks/deny-dangerous/deny-dangerous.sh",
      "sha256": "7c01658581faa4afcb8c95280dce34bde8345bf47b4aeec0cd4510b6cc3eb35e",
      "mode": "755"
    },
    {
      "dest": ".cursor/hooks/deny-dangerous/test-guard.sh",
      "src": "hooks/deny-dangerous/test-guard.sh",
      "sha256": "8347c36e8947ba86f1960e6dcd313891297bb8532e5f8ab9ba91164fb260bcde",
      "mode": "755"
    },
    {
      "dest": ".cursor/hooks/ponytail-activate/SOURCE.md",
      "src": "hooks/ponytail-activate/SOURCE.md",
      "sha256": "a6d7699917d26462bf06b71471c7060bccc99d9b86d7164ea55be9fde64d4cc7"
    },
    {
      "dest": ".cursor/hooks/ponytail-activate/ponytail-activate",
      "src": "hooks/ponytail-activate/ponytail-activate",
      "sha256": "a9d6edc5e0f8525b8eedd48dbe577bc89738bfe6ab3dc648474d2840d49d5d35",
      "mode": "755"
    },
    {
      "dest": ".cursor/hooks/rtk-rewrite/SOURCE.md",
      "src": "hooks/rtk-rewrite/SOURCE.md",
      "sha256": "cc2be88b02eb5ba835dae24df61df76cd306da2ac8ba793e8c875260c3a5e547"
    },
    {
      "dest": ".cursor/hooks/rtk-rewrite/rtk-rewrite.sh",
      "src": "hooks/rtk-rewrite/rtk-rewrite.sh",
      "sha256": "70b6ca39d5321701954f483db20bd57313582de97937c3dc6fc8a9b145643e21",
      "mode": "755"
    },
    {
      "dest": ".cursor/hooks/session-start/SOURCE.md",
      "src": "hooks/session-start/SOURCE.md",
      "sha256": "f3dce5565254dacdac9f17c25030f905a2c75f68db07b0323c4f7329d453b604"
    },
    {
      "dest": ".cursor/hooks/session-start/session-start",
      "src": "hooks/session-start/session-start",
      "sha256": "7af6845efc20f584ef8aeb11c5f36b3d38e74ab65898dc8bb30e8a2a6250f62b",
      "mode": "755"
    },
    {
      "dest": ".cursor/hooks/skill-telemetry/SOURCE.md",
      "src": "hooks/skill-telemetry/SOURCE.md",
      "sha256": "917b66cfcdf7ce36e1ce7e0843dbd2c522c58fe412998584c156979dc85f4c71"
    },
    {
      "dest": ".cursor/hooks/skill-telemetry/skill-telemetry",
      "src": "hooks/skill-telemetry/skill-telemetry",
      "sha256": "fdff1d636352380ba4a7cc0ef39b667eab929c90c47b3ebf22bb9e1034aa0cb1",
      "mode": "755"
    },
    {
      "dest": ".cursor/hooks/skill-telemetry/skill_telemetry.py",
      "src": "hooks/skill-telemetry/skill_telemetry.py",
      "sha256": "13e2bf2be10a20fab680cd7be78e6339ec93c2889e83638699e5907a806a9b2a",
      "mode": "755"
    },
    {
      "dest": ".cursor/mcp.json",
      "src": "__generated__/cursor/mcp.json",
      "sha256": "47f3a1c1bb9c7ffa672079d82bf7b0ba8137006f201b0821bf1c0b40974dadd5"
    },
    {
      "dest": ".cursor/rules/colocated-evals.mdc",
      "src": "rules/core/colocated-evals.mdc",
      "sha256": "536f64e27bba8a593c9b451563e603dae1ed60eb75a239c44bd1d31f77b42337"
    },
    {
      "dest": ".cursor/rules/commit-style.mdc",
      "src": "rules/core/commit-style.mdc",
      "sha256": "e3ec94dce24828bce0b8450c9ba301b54daffcc243ca847353f9c55b21aa3e9d"
    },
    {
      "dest": ".cursor/rules/honor-check-intent.mdc",
      "src": "rules/core/honor-check-intent.mdc",
      "sha256": "aefe7921495315c7b42fabf3603f3e6a9f067dce1c297041e820ee30d8e8c367"
    },
    {
      "dest": ".cursor/rules/hyperlink-everything.mdc",
      "src": "rules/core/hyperlink-everything.mdc",
      "sha256": "9de088f7b332fab48635c4ef65f7731b18b80956dd91e192a8219640dfb5d5c5"
    },
    {
      "dest": ".cursor/rules/no-auto-merge.mdc",
      "src": "rules/core/no-auto-merge.mdc",
      "sha256": "b49cef189052d4ffd6882e8d8f6ad0546ba0df5e261e3b13fd188ae2b6914fc8"
    },
    {
      "dest": ".cursor/rules/no-autonomous-external-comms.mdc",
      "src": "rules/core/no-autonomous-external-comms.mdc",
      "sha256": "7dec62f22cd510d102d2ffcf1f9b2d51f8bbd2b080e9457a7b60907a187f81ff"
    },
    {
      "dest": ".cursor/rules/no-cursor-coauthor.mdc",
      "src": "rules/core/no-cursor-coauthor.mdc",
      "sha256": "8db685aa60b07f5e280869111e61f39ed8383763cbf8ee27ebba497774d19d3d"
    },
    {
      "dest": ".cursor/rules/ponytail.mdc",
      "src": "rules/coding/ponytail.mdc",
      "sha256": "f1d9ec0fc783223380e5ac13361d4db4d08faba0f3adb79f462f1040092fcf12"
    },
    {
      "dest": ".cursor/rules/pr-ready-for-review.mdc",
      "src": "rules/core/pr-ready-for-review.mdc",
      "sha256": "ad0b860b01ad40b261dc00347fde644c02732a50646a059ba2e88e283d686450"
    },
    {
      "dest": ".cursor/rules/pytest.mdc",
      "src": "rules/python/pytest.mdc",
      "sha256": "1f8f4938a65b4f1e09ac427a19b47f3017df200a7b884b6f9a193f1f964279cd"
    },
    {
      "dest": ".cursor/rules/python-code-style.mdc",
      "src": "rules/python/python-code-style.mdc",
      "sha256": "76d941fd92f482ebead2d76ba63ac2063175b7277ea002efeb56293b358ce99c"
    },
    {
      "dest": ".cursor/rules/repo-conventions.mdc",
      "src": "rules/core/repo-conventions.mdc",
      "sha256": "4c598ae7a6378fd7a03a8d32cda11e271df8b855093e2dc9a6f803c395d398cc"
    },
    {
      "dest": ".mcp.json",
      "src": "__generated__/claude/mcp.json",
      "sha256": "e14b3dc073dddf751dce5ea5fb3007be05cf12629678485a9868d33c63e39c25"
    }
  ],
  "managed_blocks": [
    {
      "file": "AGENTS.md",
      "block": "agent-rules",
      "sha256": "da3524b7887e89a62db34453651e3b320d2510ef06997b3d617b5d97fbb5f941"
    },
    {
      "file": "CLAUDE.md",
      "block": "agents-import",
      "sha256": "5dd8dfb31b3dc92efb1b60e83e51460fb31b4e834b670b57f7397327d0eaded8"
    }
  ]
}
