{
  "lockfile_version": 1,
  "source": "https://github.com/sazlin/loadout",
  "ref": "main",
  "resolved_sha": "a01e7bdc0e1931abd26c48918c9cd6149eadeece",
  "synced_at": "2026-09-04T01:41:44Z",
  "tool_version": "0.25.0",
  "files": [
    {
      "dest": ".claude/agents/davinci.md",
      "src": "agents/davinci/davinci.md",
      "sha256": "1449319bb5ccf1c7cc6a31cb152c372e767d72a6f7c4729eadce4f670c5a6240"
    },
    {
      "dest": ".claude/agents/issue_resolver.md",
      "src": "agents/issue_resolver/issue_resolver.md",
      "sha256": "146e5329031daae3f1e2ddefda787c538c22451e9998006947b726a80ad828eb"
    },
    {
      "dest": ".claude/agents/playwright_generator.md",
      "src": "agents/playwright_generator/playwright_generator.md",
      "sha256": "f8a99447363388071f470069931dd94cbc37f683de444632c80a46163a175834"
    },
    {
      "dest": ".claude/agents/playwright_healer.md",
      "src": "agents/playwright_healer/playwright_healer.md",
      "sha256": "5a895adc6aa2ff2242432486af6ef7b0e97ff526f8983305c5ef5b958993d27d"
    },
    {
      "dest": ".claude/agents/playwright_planner.md",
      "src": "agents/playwright_planner/playwright_planner.md",
      "sha256": "af93b80cafdf0d8a7d157661ef98633591b007175efb11772989d730b5924039"
    },
    {
      "dest": ".claude/agents/python_coder.md",
      "src": "agents/python_coder/python_coder.md",
      "sha256": "1fd864667745a8391e808058765c71a78df13e44c5218b240428ce0707172391"
    },
    {
      "dest": ".claude/agents/review_correctness.md",
      "src": "agents/review_correctness/review_correctness.md",
      "sha256": "6a30e80e1703c722f5b296cb77b11ab02d36a694ec4f1779207aa9064c8119f5"
    },
    {
      "dest": ".claude/agents/review_maintainability.md",
      "src": "agents/review_maintainability/review_maintainability.md",
      "sha256": "f3dc5d1ab951da9524a857f5f6682bba97181aa8db2c4ccfd22ed22213a196a8"
    },
    {
      "dest": ".claude/agents/review_orchestrator.md",
      "src": "agents/review_orchestrator/review_orchestrator.md",
      "sha256": "8aa01d1c42c521504bbc14945e141de46dc4cdb561448658e190aafa78bd4fe1"
    },
    {
      "dest": ".claude/agents/review_scale.md",
      "src": "agents/review_scale/review_scale.md",
      "sha256": "8e53e201e85e0fd988a8359076e6d658648f373af960da0c5757bbe54bee2e12"
    },
    {
      "dest": ".claude/agents/review_security.md",
      "src": "agents/review_security/review_security.md",
      "sha256": "b63af9ed26cf246c512c599071d7c93c62e78e4e064ad568e337cd151bb852a1"
    },
    {
      "dest": ".claude/agents/risk_classifier.md",
      "src": "agents/risk_classifier/risk_classifier.md",
      "sha256": "c63fa2d4f08f9623dc550a71e19a1d6b37d9481347db186d371ea658e130f566"
    },
    {
      "dest": ".claude/agents/verifier.md",
      "src": "agents/verifier/verifier.md",
      "sha256": "56765d0bbc7efe020c393008fdd0ceb98852f4efd69d4f8851c9a6e111eca0f0"
    },
    {
      "dest": ".claude/settings.json",
      "src": "__generated__/claude/settings.json",
      "sha256": "2359bc7293b18cd149dc38dcd047d3c1bd4fa0163d99a3eaaa6885c3dd5cd353"
    },
    {
      "dest": ".claude/skills/anti-sleep/SKILL.md",
      "src": "skills/anti-sleep/SKILL.md",
      "sha256": "0014e87b4fbaf58c8ac420b54bfb56fa5e6fe499a53322fa5d8d003aa3b90377"
    },
    {
      "dest": ".claude/skills/anti-sleep/scripts/keep-awake",
      "src": "skills/anti-sleep/scripts/keep-awake",
      "sha256": "71e6b575e890fe49479f9f26f79b907b48ec861a787cf160ee9fe3813042aa0e",
      "mode": "755"
    },
    {
      "dest": ".claude/skills/brainstorming/SKILL.md",
      "src": "skills/brainstorming/SKILL.md",
      "sha256": "64f88496bb207fa444412d9090f315d14409d60e6e1d1bb20a2008e35554e89e"
    },
    {
      "dest": ".claude/skills/brainstorming/SOURCE.md",
      "src": "skills/brainstorming/SOURCE.md",
      "sha256": "f986e1284f28144fe6281d2df40c53855d5161b9990310d919fb2d20fa90a911"
    },
    {
      "dest": ".claude/skills/brainstorming/scripts/frame-template.html",
      "src": "skills/brainstorming/scripts/frame-template.html",
      "sha256": "6a8a4e58bd6a44b904e2e3c57de774481d909204597e1498de53f1b2fecc4c4e",
      "mode": "755"
    },
    {
      "dest": ".claude/skills/brainstorming/scripts/helper.js",
      "src": "skills/brainstorming/scripts/helper.js",
      "sha256": "43c6d69954a46ec34a2a262bcc62a9a7e83e839c739f199cb72646d397c686e3",
      "mode": "755"
    },
    {
      "dest": ".claude/skills/brainstorming/scripts/server.cjs",
      "src": "skills/brainstorming/scripts/server.cjs",
      "sha256": "938f46b39a637edcf21cdcf63ed8f7999834be512515f12eda504d086ccd2fa0",
      "mode": "755"
    },
    {
      "dest": ".claude/skills/brainstorming/scripts/start-server.sh",
      "src": "skills/brainstorming/scripts/start-server.sh",
      "sha256": "a4e5ae84275bcaacd2f84345afeabe59cf7b00ba080e123da7cc1fb226f12847",
      "mode": "755"
    },
    {
      "dest": ".claude/skills/brainstorming/scripts/stop-server.sh",
      "src": "skills/brainstorming/scripts/stop-server.sh",
      "sha256": "0b5ccbbd57f62d3ed88993f7940b5ee0e5c0fc9b21c550c623da4f6292e47daf",
      "mode": "755"
    },
    {
      "dest": ".claude/skills/brainstorming/spec-document-reviewer-prompt.md",
      "src": "skills/brainstorming/spec-document-reviewer-prompt.md",
      "sha256": "95a0a195de9d984be2fffa95bab16fc8c563bc296a9cfc5e9c29cb3ece0d7457"
    },
    {
      "dest": ".claude/skills/brainstorming/visual-companion.md",
      "src": "skills/brainstorming/visual-companion.md",
      "sha256": "60cbad29b9dd7eaf08da020e301c498a72230b2e13c1813fa967a135ffcc1d71"
    },
    {
      "dest": ".claude/skills/decisions/SKILL.md",
      "src": "skills/decisions/SKILL.md",
      "sha256": "62cdd60568cb9e5ebe161ade0a3b0112473a36af829cc01cbaf497e218b02cc3"
    },
    {
      "dest": ".claude/skills/dedupe-and-write-tasks/SKILL.md",
      "src": "skills/dedupe-and-write-tasks/SKILL.md",
      "sha256": "c410160aec94c8ab77a1de80692e3795fb93d00a7e939127bcfff77157d74e38"
    },
    {
      "dest": ".claude/skills/dedupe-and-write-tasks/references/tasks-to-resolve-template.md",
      "src": "skills/dedupe-and-write-tasks/references/tasks-to-resolve-template.md",
      "sha256": "95b1aa81b9fe2c73a1a48e8737980f687354c7a0c721754f066c43af935280bc"
    },
    {
      "dest": ".claude/skills/dispatch-panel-review/SKILL.md",
      "src": "skills/dispatch-panel-review/SKILL.md",
      "sha256": "c035af3a3dc4fee301ad897f9aacc4854c939544a0eb300637c28502a2f11763"
    },
    {
      "dest": ".claude/skills/dispatch-verifiers/SKILL.md",
      "src": "skills/dispatch-verifiers/SKILL.md",
      "sha256": "800f7d64ae3b3c01d5066b925ecbba987556182d953564226942eb7b47e10014"
    },
    {
      "dest": ".claude/skills/dispatching-parallel-agents/SKILL.md",
      "src": "skills/dispatching-parallel-agents/SKILL.md",
      "sha256": "ec9b43d220f7f7366e3d506a2dae3ccf042fd6f442ad8e291872ba92ad2cff46"
    },
    {
      "dest": ".claude/skills/executing-plans/SKILL.md",
      "src": "skills/executing-plans/SKILL.md",
      "sha256": "e4989198f62a788ef36135d4a33f57c6c028594d40ec944c0c4da76f73421264"
    },
    {
      "dest": ".claude/skills/finishing-a-development-branch/SKILL.md",
      "src": "skills/finishing-a-development-branch/SKILL.md",
      "sha256": "2a7677f6bd96ac94d06e767a1db8eba727a924627749ccff166e4b1fc8f670e1"
    },
    {
      "dest": ".claude/skills/learn/SKILL.md",
      "src": "skills/learn/SKILL.md",
      "sha256": "94ed5b48faa50b0549df5f46361df89684dd2ffc7f9fe5f64f3d9c3a204bae6f"
    },
    {
      "dest": ".claude/skills/log-progress/SKILL.md",
      "src": "skills/log-progress/SKILL.md",
      "sha256": "982c3905bf325206242374d71abfb2c3ee26c3495d52b0db38177bec1dbfb5b2"
    },
    {
      "dest": ".claude/skills/log-progress/references/review-history-template.md",
      "src": "skills/log-progress/references/review-history-template.md",
      "sha256": "193bf50d026838a007f4bb11e54e34539bbcad8c805bc639a5d5c93cba8ff63d"
    },
    {
      "dest": ".claude/skills/log-progress/scripts/trim_review_history.py",
      "src": "skills/log-progress/scripts/trim_review_history.py",
      "sha256": "c0baa94f7afc1bc80bddba87d7af611259ec3f53bd88d96db9a1448c8281d473",
      "mode": "755"
    },
    {
      "dest": ".claude/skills/next-decision/SKILL.md",
      "src": "skills/next-decision/SKILL.md",
      "sha256": "e77f0fa89172b83a029c26768aee42151479ec183688fb76736e9e36c6de1258"
    },
    {
      "dest": ".claude/skills/playwright-agents/SKILL.md",
      "src": "skills/playwright-agents/SKILL.md",
      "sha256": "bef7455a72797781a4feda3f7575a48a5bcd7f7708f9caec3b0ae4c7c294c313"
    },
    {
      "dest": ".claude/skills/playwright-agents/references/ci.md",
      "src": "skills/playwright-agents/references/ci.md",
      "sha256": "2409bbc9ccbbb16883f2f971b78c777b48928bed232d5fc1dd6898975bddac07"
    },
    {
      "dest": ".claude/skills/playwright-agents/references/cursor-cloud.md",
      "src": "skills/playwright-agents/references/cursor-cloud.md",
      "sha256": "a9c5e415d1d2b57524cc1bf3741f55c9be44abd309748acd049e82dbfdff34ff"
    },
    {
      "dest": ".claude/skills/playwright-agents/references/package-scripts.md",
      "src": "skills/playwright-agents/references/package-scripts.md",
      "sha256": "d61f5ab5be7d62919aed0ae8be3659c39dc85e4f092764e5301d9f45e3adb71c"
    },
    {
      "dest": ".claude/skills/playwright-agents/references/prompts.md",
      "src": "skills/playwright-agents/references/prompts.md",
      "sha256": "10ce60285232f2552bbbee58ad2220f7cd414c2bd4a61fad8a3d620ea7924939"
    },
    {
      "dest": ".claude/skills/playwright-agents/references/seed.spec.ts",
      "src": "skills/playwright-agents/references/seed.spec.ts",
      "sha256": "7aa21afa5b843acad6e265fb34859c8a06f0e0197ac5f108cf4b2404447a113f"
    },
    {
      "dest": ".claude/skills/receiving-code-review/SKILL.md",
      "src": "skills/receiving-code-review/SKILL.md",
      "sha256": "a1c0ce7440c707e79c6c6ac8fe05fdaf6b7ea85a30bb87dc275065193bd508eb"
    },
    {
      "dest": ".claude/skills/release-checklist/SKILL.md",
      "src": "skills/release-checklist/SKILL.md",
      "sha256": "06264c630fe809f5f518a1340e6ec3d47c75224637c333df65683a7d240d1b30"
    },
    {
      "dest": ".claude/skills/requesting-code-review/SKILL.md",
      "src": "skills/requesting-code-review/SKILL.md",
      "sha256": "d42202bf2471ceae258d52d41df57b040795b88a16be4774eed0ba6e6cb4191b"
    },
    {
      "dest": ".claude/skills/requesting-code-review/code-reviewer.md",
      "src": "skills/requesting-code-review/code-reviewer.md",
      "sha256": "b2f2ec7596925fe52dac158fdfbca19b3a7d779d619c481e6706a6c0001662d3"
    },
    {
      "dest": ".claude/skills/resolve-next-task/SKILL.md",
      "src": "skills/resolve-next-task/SKILL.md",
      "sha256": "093f4ae5fd86a063cbeead68f54ff316d98791a2e72ddfc39c44c541756a16ed"
    },
    {
      "dest": ".claude/skills/subagent-driven-development/SKILL.md",
      "src": "skills/subagent-driven-development/SKILL.md",
      "sha256": "c5d783e526774a75983c4ef17103c7cfa227722b02022f2cf99cd997fc0df107"
    },
    {
      "dest": ".claude/skills/subagent-driven-development/implementer-prompt.md",
      "src": "skills/subagent-driven-development/implementer-prompt.md",
      "sha256": "946601616a6f76ab3f165ef98377390968f1ec124ecef87422bc3553404e0332"
    },
    {
      "dest": ".claude/skills/subagent-driven-development/re-review-prompt.md",
      "src": "skills/subagent-driven-development/re-review-prompt.md",
      "sha256": "e1d8e0e65e58ccde6dc920843da9148d23e65aeb0f8932bcc30be1341a703c4c"
    },
    {
      "dest": ".claude/skills/subagent-driven-development/scripts/review-package",
      "src": "skills/subagent-driven-development/scripts/review-package",
      "sha256": "fac3d4bd7f94369e8037b9ead2a8a502dca6ab333902b560b9455dbb3c450ebe",
      "mode": "755"
    },
    {
      "dest": ".claude/skills/subagent-driven-development/scripts/sdd-workspace",
      "src": "skills/subagent-driven-development/scripts/sdd-workspace",
      "sha256": "95a09d9d3983ad1aafd093ca72b4587946dea885c6e302caa02a779a2f911c31",
      "mode": "755"
    },
    {
      "dest": ".claude/skills/subagent-driven-development/scripts/task-brief",
      "src": "skills/subagent-driven-development/scripts/task-brief",
      "sha256": "d6954ef7841c7da3d77373e6ff5118b3f2f2e998606fd95d33e6527851bce044",
      "mode": "755"
    },
    {
      "dest": ".claude/skills/subagent-driven-development/task-reviewer-prompt.md",
      "src": "skills/subagent-driven-development/task-reviewer-prompt.md",
      "sha256": "e3b4a1bfe7cd55ed0459e5ca9cdddb6ff086c345b99e9097036db6a18545729e"
    },
    {
      "dest": ".claude/skills/systematic-debugging/CREATION-LOG.md",
      "src": "skills/systematic-debugging/CREATION-LOG.md",
      "sha256": "c24733a5b1821bd6bed1fc950261f0b9f4e90097e0bbb96459d8179713730789"
    },
    {
      "dest": ".claude/skills/systematic-debugging/SKILL.md",
      "src": "skills/systematic-debugging/SKILL.md",
      "sha256": "bc29add9683970dcf8c00f2b6406a59c71debf5c4904c257b32a142687f4f452"
    },
    {
      "dest": ".claude/skills/systematic-debugging/condition-based-waiting-example.ts",
      "src": "skills/systematic-debugging/condition-based-waiting-example.ts",
      "sha256": "40ae5ebe497fdf310200e43fe986552546d0a22837c0d39e855db1cfd33eb88e"
    },
    {
      "dest": ".claude/skills/systematic-debugging/condition-based-waiting.md",
      "src": "skills/systematic-debugging/condition-based-waiting.md",
      "sha256": "e89fec8400d6cd50f43407cec9fab50976ba4d55d0ec2eb51c0bd68036b54c26"
    },
    {
      "dest": ".claude/skills/systematic-debugging/defense-in-depth.md",
      "src": "skills/systematic-debugging/defense-in-depth.md",
      "sha256": "1e175fb86fc357e58c6aebf5441e481e1b7868b4380c0456b63a17eefbd18ba7"
    },
    {
      "dest": ".claude/skills/systematic-debugging/find-polluter.sh",
      "src": "skills/systematic-debugging/find-polluter.sh",
      "sha256": "dd7b8f13c4cc2a24b33ff87b18da9248f3e1c80a085c3316224f69ff0fa5c43c",
      "mode": "755"
    },
    {
      "dest": ".claude/skills/systematic-debugging/root-cause-tracing.md",
      "src": "skills/systematic-debugging/root-cause-tracing.md",
      "sha256": "6b0622269e098ca1399e123e553fd385f0b6412d88ef0e9c4f5a8ea9cf1cec7b"
    },
    {
      "dest": ".claude/skills/systematic-debugging/test-academic.md",
      "src": "skills/systematic-debugging/test-academic.md",
      "sha256": "fe2ba480d78ac0d686dc025f41c2a32a43d642bf533f91b0c6053a04d35d6486"
    },
    {
      "dest": ".claude/skills/systematic-debugging/test-pressure-1.md",
      "src": "skills/systematic-debugging/test-pressure-1.md",
      "sha256": "0b6a915db0054577819834c79be9eb614e97bddba10d73768e1fbe91cfed048a"
    },
    {
      "dest": ".claude/skills/systematic-debugging/test-pressure-2.md",
      "src": "skills/systematic-debugging/test-pressure-2.md",
      "sha256": "b2030aeffba07050e8ad573ddf87486457c4a016a786bb326235bebd856f2016"
    },
    {
      "dest": ".claude/skills/systematic-debugging/test-pressure-3.md",
      "src": "skills/systematic-debugging/test-pressure-3.md",
      "sha256": "96b50a52e2c7989c9cf20fb752c47c1e9a3a70dc362f8f7989f8f5b64dac7708"
    },
    {
      "dest": ".claude/skills/test-driven-development/SKILL.md",
      "src": "skills/test-driven-development/SKILL.md",
      "sha256": "07b6e05bf6a041a6e6d2442c79c734609a5c4df1627a497db0f0d8a438dd0077"
    },
    {
      "dest": ".claude/skills/test-driven-development/writing-good-tests.md",
      "src": "skills/test-driven-development/writing-good-tests.md",
      "sha256": "51471c853306ff92ca8bb41dcaea05f31c0e46b03651f8f3c99754b7172f4ae1"
    },
    {
      "dest": ".claude/skills/unslop/SKILL.md",
      "src": "skills/unslop/SKILL.md",
      "sha256": "89cb16ac2be827735138dd5eb30775722d045b495e29afc12884057a348316b6"
    },
    {
      "dest": ".claude/skills/unslop/SOURCE.md",
      "src": "skills/unslop/SOURCE.md",
      "sha256": "a2fa47162fa725d03006de18274d2a585d88a75dc85670a968310b4eeafbf10c"
    },
    {
      "dest": ".claude/skills/using-git-worktrees/SKILL.md",
      "src": "skills/using-git-worktrees/SKILL.md",
      "sha256": "e0fecea2663fa458c60ea4f1cefbcf4a61d59b037c22309da239f2e2ff3e63ab"
    },
    {
      "dest": ".claude/skills/using-superpowers/SKILL.md",
      "src": "skills/using-superpowers/SKILL.md",
      "sha256": "7ac8044cccc723feb0a2ba248c81bf26ba1e2b43844ef2cb231774a0b83bfe51"
    },
    {
      "dest": ".claude/skills/using-superpowers/references/antigravity-tools.md",
      "src": "skills/using-superpowers/references/antigravity-tools.md",
      "sha256": "4880f6de3da4e32f9659ebe7a72b9e0ebfff04e028c2ed96173f86d0387a04c0"
    },
    {
      "dest": ".claude/skills/using-superpowers/references/codex-tools.md",
      "src": "skills/using-superpowers/references/codex-tools.md",
      "sha256": "d3f113a8ebbd748e8ba847b09b57b7685442775ca4ee194d693ce3663f8fac68"
    },
    {
      "dest": ".claude/skills/using-superpowers/references/gemini-tools.md",
      "src": "skills/using-superpowers/references/gemini-tools.md",
      "sha256": "62b9157bcb0ee3c6784e3d0da0798ddfa5872f9e0c34bea48f3079dabea71965"
    },
    {
      "dest": ".claude/skills/using-superpowers/references/pi-tools.md",
      "src": "skills/using-superpowers/references/pi-tools.md",
      "sha256": "703dbc83d23ecab9c6f388460c38abc482e9dee2fe6772a8c7a255152ad3a4d5"
    },
    {
      "dest": ".claude/skills/verification-before-completion/SKILL.md",
      "src": "skills/verification-before-completion/SKILL.md",
      "sha256": "c5378a080d3c7271250b6a5cb7e082a2bdebea999dcd6f03146338dde4c66865"
    },
    {
      "dest": ".claude/skills/writing-plans/SKILL.md",
      "src": "skills/writing-plans/SKILL.md",
      "sha256": "a30f0e46e01bafdc89509358d455c54f7fb880c4d1c33b34a1da5a0d5121f028"
    },
    {
      "dest": ".claude/skills/writing-plans/plan-document-reviewer-prompt.md",
      "src": "skills/writing-plans/plan-document-reviewer-prompt.md",
      "sha256": "aa728b96aad603c8be28875a4305637f6c984aa81ffcadcb13e743202fa2a0c7"
    },
    {
      "dest": ".claude/skills/writing-skills/SKILL.md",
      "src": "skills/writing-skills/SKILL.md",
      "sha256": "57e3e628054be35cc3a2cb12e71b994b78c66980721805d1fbe448224ec195dd"
    },
    {
      "dest": ".claude/skills/writing-skills/anthropic-best-practices.md",
      "src": "skills/writing-skills/anthropic-best-practices.md",
      "sha256": "217629b356c09c9bd11017c9788e8fc654ca1b32c92d4a51cd490e16dd65e59a"
    },
    {
      "dest": ".claude/skills/writing-skills/examples/CLAUDE_MD_TESTING.md",
      "src": "skills/writing-skills/examples/CLAUDE_MD_TESTING.md",
      "sha256": "0b379a3415e185d3c434b3ad283d8aa132f3022c2a4f210f168865b5986bcef0"
    },
    {
      "dest": ".claude/skills/writing-skills/graphviz-conventions.dot",
      "src": "skills/writing-skills/graphviz-conventions.dot",
      "sha256": "e2890a593c91370e384b42f2f67b1a6232c9e69dddea7891a0c1c46d7b20b694"
    },
    {
      "dest": ".claude/skills/writing-skills/persuasion-principles.md",
      "src": "skills/writing-skills/persuasion-principles.md",
      "sha256": "a51bc9bf75189ea73a27b3fb504a2fdfdb966fb1f7f1cdf03203230a216ccc03"
    },
    {
      "dest": ".claude/skills/writing-skills/render-graphs.js",
      "src": "skills/writing-skills/render-graphs.js",
      "sha256": "ccda971a87bb185f8febf81c56b556a20d026fa980c17b35fa3e8824fbb37852",
      "mode": "755"
    },
    {
      "dest": ".claude/skills/writing-skills/testing-skills-with-subagents.md",
      "src": "skills/writing-skills/testing-skills-with-subagents.md",
      "sha256": "c711346852c911b24a84aa161e0cff06a4cd7f4e2fa9e9c0a266cead5afcbade"
    },
    {
      "dest": ".cursor/hooks.json",
      "src": "__generated__/cursor/hooks.json",
      "sha256": "0422f312d114e649bca5332632d4afa1ed1e95716b7090301de3c81d98ee7cf3"
    },
    {
      "dest": ".cursor/hooks/deny-dangerous/dangerous-patterns.txt",
      "src": "hooks/deny-dangerous/dangerous-patterns.txt",
      "sha256": "9bd6e7ea686253890b4c59b4bf50281ee2b901abfd5bd4160b3d6d4e2c19cdb8"
    },
    {
      "dest": ".cursor/hooks/deny-dangerous/deny-dangerous.sh",
      "src": "hooks/deny-dangerous/deny-dangerous.sh",
      "sha256": "7c01658581faa4afcb8c95280dce34bde8345bf47b4aeec0cd4510b6cc3eb35e",
      "mode": "755"
    },
    {
      "dest": ".cursor/hooks/deny-dangerous/test-guard.sh",
      "src": "hooks/deny-dangerous/test-guard.sh",
      "sha256": "8347c36e8947ba86f1960e6dcd313891297bb8532e5f8ab9ba91164fb260bcde",
      "mode": "755"
    },
    {
      "dest": ".cursor/hooks/session-start/SOURCE.md",
      "src": "hooks/session-start/SOURCE.md",
      "sha256": "eb474ad01d2e01597d221feb6efa1efc11d1239b9ffeba13087f60cc132960f3"
    },
    {
      "dest": ".cursor/hooks/session-start/session-start",
      "src": "hooks/session-start/session-start",
      "sha256": "ab8d53121b4d97346c6e6dc2c8f359d7666e23ba14c1488f96e5fa2aa6699933",
      "mode": "755"
    },
    {
      "dest": ".cursor/mcp.json",
      "src": "__generated__/cursor/mcp.json",
      "sha256": "47f3a1c1bb9c7ffa672079d82bf7b0ba8137006f201b0821bf1c0b40974dadd5"
    },
    {
      "dest": ".cursor/rules/agent-authoring.mdc",
      "src": "rules/agents/agent-authoring.mdc",
      "sha256": "fb13b19fa9a44535d2539af578c7095806eedc27f9995adeabe50c527d95c2a0"
    },
    {
      "dest": ".cursor/rules/colocated-evals.mdc",
      "src": "rules/core/colocated-evals.mdc",
      "sha256": "7d6fee091f0272c5b07573094b4509ff08119c806770539c16cf3a20fab293b3"
    },
    {
      "dest": ".cursor/rules/commit-style.mdc",
      "src": "rules/core/commit-style.mdc",
      "sha256": "b8b3ad1e6bd72bd030b9a70efcaafe2b3a78d69ea75129d30f96d54673314ee5"
    },
    {
      "dest": ".cursor/rules/honor-check-intent.mdc",
      "src": "rules/core/honor-check-intent.mdc",
      "sha256": "935f665b4207dc37106db51b13b7096d10d517454adf6e54184bd7385c7499db"
    },
    {
      "dest": ".cursor/rules/no-cursor-coauthor.mdc",
      "src": "rules/core/no-cursor-coauthor.mdc",
      "sha256": "0491f8aeee7f0fb50c4981db14b8ae23596f9e380a4fe0aae37039ddb7036414"
    },
    {
      "dest": ".cursor/rules/pr-ready-for-review.mdc",
      "src": "rules/core/pr-ready-for-review.mdc",
      "sha256": "70b3c76551328be6b4cf365b8de91e24ec6622556e675c21a86f604730375f69"
    },
    {
      "dest": ".cursor/rules/pytest.mdc",
      "src": "rules/python/pytest.mdc",
      "sha256": "d89bf5f493d47df4f57696b779254f5ad71088627962ef15b5df50336d1823f9"
    },
    {
      "dest": ".cursor/rules/python-code-style.mdc",
      "src": "rules/python/python-code-style.mdc",
      "sha256": "eae7875dcabe33c6319d5127a8ad8018e413286f08792687829baeabc46f26d9"
    },
    {
      "dest": ".cursor/rules/repo-conventions.mdc",
      "src": "rules/core/repo-conventions.mdc",
      "sha256": "f9f7e10a41495188df9e146f2e0e67acf1cbed18a3d732818c5ac14186f778af"
    },
    {
      "dest": ".cursor/rules/test-agents.mdc",
      "src": "rules/playwright/test-agents.mdc",
      "sha256": "0764c0609db3b893d053ffa02088264db142abeb1f95cf401c1b9c6f5d9ee14d"
    },
    {
      "dest": ".mcp.json",
      "src": "__generated__/claude/mcp.json",
      "sha256": "e14b3dc073dddf751dce5ea5fb3007be05cf12629678485a9868d33c63e39c25"
    },
    {
      "dest": "e2e/.cursor/rules/e2e-conventions.mdc",
      "src": "rules/playwright/e2e-conventions.mdc",
      "sha256": "c0f2faa96c26c34577d2252c47de881a59d150218620fb2c61fc65a274257132"
    }
  ],
  "managed_blocks": [
    {
      "file": "AGENTS.md",
      "block": "agent-rules",
      "sha256": "ceb4b9c48f92c4874087cc8642e0112891ca54367470180e77f6af6f04f9a122"
    },
    {
      "file": "CLAUDE.md",
      "block": "agents-import",
      "sha256": "5dd8dfb31b3dc92efb1b60e83e51460fb31b4e834b670b57f7397327d0eaded8"
    }
  ]
}
