{
  "lockfile_version": 1,
  "source": "https://github.com/sazlin/loadout",
  "ref": "main",
  "resolved_sha": "874bde3f3659366f5af8684ee59dc9e66cd04142",
  "synced_at": "2026-09-26T22:23:12Z",
  "tool_version": "0.48.0",
  "files": [
    {
      "dest": ".claude/agents/davinci.md",
      "src": "agents/davinci/davinci.md",
      "sha256": "3140fe75557aa63c8bbf83dec1da1e158eec5247e8ab726b3797dd359da350f5"
    },
    {
      "dest": ".claude/agents/issue_resolver.md",
      "src": "agents/issue_resolver/issue_resolver.md",
      "sha256": "ad5dd4ecd7b7d24d703d46dce9bd9bbbf71031f0ed1ec8ee41ed14c0debcf8a0"
    },
    {
      "dest": ".claude/agents/playwright_generator.md",
      "src": "agents/playwright_generator/playwright_generator.md",
      "sha256": "da1706a7df582e1b20c4b4d798a75ecab8bca9e66a186a4e4138f424582e8e83"
    },
    {
      "dest": ".claude/agents/playwright_healer.md",
      "src": "agents/playwright_healer/playwright_healer.md",
      "sha256": "50d99a20a308e30c08c2d97d1ea6b5351f9a64d77fc93a2b5b77c21239141256"
    },
    {
      "dest": ".claude/agents/playwright_planner.md",
      "src": "agents/playwright_planner/playwright_planner.md",
      "sha256": "8af59b82e408e3906da9826dc92bdb68fc400e11b4480b85ae4856e7cb6a0004"
    },
    {
      "dest": ".claude/agents/python_coder.md",
      "src": "agents/python_coder/python_coder.md",
      "sha256": "c616e83b467e9924435158ccaf859e55c372a95da1aa4f2933e9e8da3a3f8f2f"
    },
    {
      "dest": ".claude/agents/review_correctness.md",
      "src": "agents/review_correctness/review_correctness.md",
      "sha256": "ce848e1d22c1443ae2051560de8fc98ed9d5a98922e064f62b403a2d54aaa4fa"
    },
    {
      "dest": ".claude/agents/review_maintainability.md",
      "src": "agents/review_maintainability/review_maintainability.md",
      "sha256": "fb4cc1242b802d356574d8ae0f5e02e8596ae610b597966783009f05b415158d"
    },
    {
      "dest": ".claude/agents/review_orchestrator.md",
      "src": "agents/review_orchestrator/review_orchestrator.md",
      "sha256": "672bc36b5425a5815cac0b7762e7b1a5668dad4ed20d57b72e62b28fb27d735c"
    },
    {
      "dest": ".claude/agents/review_scale.md",
      "src": "agents/review_scale/review_scale.md",
      "sha256": "0511efefd75c9b91851860b338efe29bd6554975d0a701f858d5e7a2e7cbfa70"
    },
    {
      "dest": ".claude/agents/review_security.md",
      "src": "agents/review_security/review_security.md",
      "sha256": "39a1122d3e88b55e2a86955a681dda99f3ac70863c2be0a0f2b1a17c0229450a"
    },
    {
      "dest": ".claude/agents/risk_classifier.md",
      "src": "agents/risk_classifier/risk_classifier.md",
      "sha256": "e579e5616307891373709ba3c438d9360594c1020f778bf13387438e11f8a00a"
    },
    {
      "dest": ".claude/agents/verifier.md",
      "src": "agents/verifier/verifier.md",
      "sha256": "5c4e7cf3770b2f8662781b750ebea8b928f0f9946c8a59167f697fb1a0eb6cb2"
    },
    {
      "dest": ".claude/settings.json",
      "src": "__generated__/claude/settings.json",
      "sha256": "35aa32887041cc503476f0e21f03fbd5706e2abbb7f97a197a0765ccbac88086"
    },
    {
      "dest": ".claude/skills/anti-sleep/SKILL.md",
      "src": "skills/anti-sleep/SKILL.md",
      "sha256": "f3aab3682c8e7bb03ef74ebe2cb2c6dde1dbbe35c0a65ac20d5ca392b3e9a372"
    },
    {
      "dest": ".claude/skills/anti-sleep/scripts/keep-awake",
      "src": "skills/anti-sleep/scripts/keep-awake",
      "sha256": "71e6b575e890fe49479f9f26f79b907b48ec861a787cf160ee9fe3813042aa0e",
      "mode": "755"
    },
    {
      "dest": ".claude/skills/brainstorming/SKILL.md",
      "src": "skills/brainstorming/SKILL.md",
      "sha256": "b1c526646120b2dca68750f56dda5318db462b40a616fcca132adadc3dde3b8c"
    },
    {
      "dest": ".claude/skills/brainstorming/SOURCE.md",
      "src": "skills/brainstorming/SOURCE.md",
      "sha256": "aa476c09b08edc9900860887e86bb502f1af6b04474e7366feebb91b2e1f7d93"
    },
    {
      "dest": ".claude/skills/brainstorming/scripts/frame-template.html",
      "src": "skills/brainstorming/scripts/frame-template.html",
      "sha256": "6a8a4e58bd6a44b904e2e3c57de774481d909204597e1498de53f1b2fecc4c4e",
      "mode": "755"
    },
    {
      "dest": ".claude/skills/brainstorming/scripts/helper.js",
      "src": "skills/brainstorming/scripts/helper.js",
      "sha256": "43c6d69954a46ec34a2a262bcc62a9a7e83e839c739f199cb72646d397c686e3",
      "mode": "755"
    },
    {
      "dest": ".claude/skills/brainstorming/scripts/server.cjs",
      "src": "skills/brainstorming/scripts/server.cjs",
      "sha256": "10d306721d7551640ea715a12c267ae08e9888473f5f2a06f114587d8f574eea",
      "mode": "755"
    },
    {
      "dest": ".claude/skills/brainstorming/scripts/start-server.sh",
      "src": "skills/brainstorming/scripts/start-server.sh",
      "sha256": "a4e5ae84275bcaacd2f84345afeabe59cf7b00ba080e123da7cc1fb226f12847",
      "mode": "755"
    },
    {
      "dest": ".claude/skills/brainstorming/scripts/stop-server.sh",
      "src": "skills/brainstorming/scripts/stop-server.sh",
      "sha256": "0b5ccbbd57f62d3ed88993f7940b5ee0e5c0fc9b21c550c623da4f6292e47daf",
      "mode": "755"
    },
    {
      "dest": ".claude/skills/brainstorming/spec-document-reviewer-prompt.md",
      "src": "skills/brainstorming/spec-document-reviewer-prompt.md",
      "sha256": "95a0a195de9d984be2fffa95bab16fc8c563bc296a9cfc5e9c29cb3ece0d7457"
    },
    {
      "dest": ".claude/skills/brainstorming/visual-companion.md",
      "src": "skills/brainstorming/visual-companion.md",
      "sha256": "6ffcb038b53254bd31debaa15e12dcd4ff24bd63d690e0b644ac6396701cf2e2"
    },
    {
      "dest": ".claude/skills/decisions/SKILL.md",
      "src": "skills/decisions/SKILL.md",
      "sha256": "a3e0b31ea4374d7d966c5ff28144420120fb6a17ce48e5653f6adc9cd3b26ee0"
    },
    {
      "dest": ".claude/skills/dedupe-and-write-tasks/SKILL.md",
      "src": "skills/dedupe-and-write-tasks/SKILL.md",
      "sha256": "922f5def3fc4dba73e5301de9d28b42f5f49fa6440c3a90b49e8ce274c4bcde5"
    },
    {
      "dest": ".claude/skills/dedupe-and-write-tasks/references/tasks-to-resolve-template.md",
      "src": "skills/dedupe-and-write-tasks/references/tasks-to-resolve-template.md",
      "sha256": "95b1aa81b9fe2c73a1a48e8737980f687354c7a0c721754f066c43af935280bc"
    },
    {
      "dest": ".claude/skills/diagnosing-superpowers/SKILL.md",
      "src": "skills/diagnosing-superpowers/SKILL.md",
      "sha256": "f80b7715dc5e45c6948ab0c96f3b427d25e0ac5bd3a22b8b92a83a3431e36efe"
    },
    {
      "dest": ".claude/skills/diagnosing-superpowers/prompts/analyst-common.md",
      "src": "skills/diagnosing-superpowers/prompts/analyst-common.md",
      "sha256": "88801c36070be2a54a8a9a29632b01ab21db053e2e76ee49b5252a9b74ca4090"
    },
    {
      "dest": ".claude/skills/diagnosing-superpowers/prompts/cost-and-time.md",
      "src": "skills/diagnosing-superpowers/prompts/cost-and-time.md",
      "sha256": "fe97a66d4db3b436816ef82694bda413b522b3a862dd41978da01e358fffecc4"
    },
    {
      "dest": ".claude/skills/diagnosing-superpowers/prompts/plan-adherence.md",
      "src": "skills/diagnosing-superpowers/prompts/plan-adherence.md",
      "sha256": "1dcbab82033598a2e9c9ee42e950d4b1822d2c871c02cef9e102cdd5cbbda113"
    },
    {
      "dest": ".claude/skills/diagnosing-superpowers/prompts/quality-evidence.md",
      "src": "skills/diagnosing-superpowers/prompts/quality-evidence.md",
      "sha256": "749d11cf678f379ed77a29274cad456634e0284aa523639a1a214a9f2b986eb1"
    },
    {
      "dest": ".claude/skills/diagnosing-superpowers/prompts/repeated-work.md",
      "src": "skills/diagnosing-superpowers/prompts/repeated-work.md",
      "sha256": "895027f2dfa4b1b8bcdb7ac9aec8d45a80bff212fad6ec6cad5ab38fa68322f5"
    },
    {
      "dest": ".claude/skills/diagnosing-superpowers/prompts/request-conflicts.md",
      "src": "skills/diagnosing-superpowers/prompts/request-conflicts.md",
      "sha256": "e800e38d8b7752c212c76c5c3ed75cd78b749684263ea0c313586f26af6f4b5c"
    },
    {
      "dest": ".claude/skills/diagnosing-superpowers/prompts/scrub-audit.md",
      "src": "skills/diagnosing-superpowers/prompts/scrub-audit.md",
      "sha256": "5cc48f05a7f81f5f7e05e0c7ceafc0fb8774bcaf75fe88dcb5c7e408026c70ad"
    },
    {
      "dest": ".claude/skills/diagnosing-superpowers/prompts/scrub.md",
      "src": "skills/diagnosing-superpowers/prompts/scrub.md",
      "sha256": "854cb3320cc5377b493cea2f72519d67983464882db68a0f408a7d0a0f040b8c"
    },
    {
      "dest": ".claude/skills/diagnosing-superpowers/prompts/similar-session.md",
      "src": "skills/diagnosing-superpowers/prompts/similar-session.md",
      "sha256": "b190f713b463df2bb5ec3914647e204074d1bd50643a53159db6d13cace916c1"
    },
    {
      "dest": ".claude/skills/diagnosing-superpowers/prompts/skill-timeline.md",
      "src": "skills/diagnosing-superpowers/prompts/skill-timeline.md",
      "sha256": "45d604d583b57a77b9033eced8eb875ef342af70fcd66cf7d15c6dc89964890f"
    },
    {
      "dest": ".claude/skills/diagnosing-superpowers/prompts/stumbles.md",
      "src": "skills/diagnosing-superpowers/prompts/stumbles.md",
      "sha256": "1f2d1f048aff7b8b400006301f1ce8c232ecc7e9d5f705af27a849b2c03ea2e7"
    },
    {
      "dest": ".claude/skills/diagnosing-superpowers/references/context-safety.md",
      "src": "skills/diagnosing-superpowers/references/context-safety.md",
      "sha256": "e6be2bd3495f454d4bedee9484d728d245d1fa656e11fc4ceec5693c16e4730a"
    },
    {
      "dest": ".claude/skills/diagnosing-superpowers/references/github-issues.md",
      "src": "skills/diagnosing-superpowers/references/github-issues.md",
      "sha256": "a656f5e15b21c7a200c39c038f5ede74b9d6ea3ceeb90f39af7e930c8d8424d6"
    },
    {
      "dest": ".claude/skills/diagnosing-superpowers/references/redaction-policy.md",
      "src": "skills/diagnosing-superpowers/references/redaction-policy.md",
      "sha256": "96b16f47074838fe2d7e609577d6f8b0ad460f8378b281a3f96ee23cb5a08bde"
    },
    {
      "dest": ".claude/skills/diagnosing-superpowers/references/session-discovery.md",
      "src": "skills/diagnosing-superpowers/references/session-discovery.md",
      "sha256": "6d1dced083e5d978448a78df298cf515531b0eb39b2854a4a2afbffeb69a7435"
    },
    {
      "dest": ".claude/skills/diagnosing-superpowers/templates/bundle-README.md",
      "src": "skills/diagnosing-superpowers/templates/bundle-README.md",
      "sha256": "2e6ddc6b106028d5ebd00a50ad93a77111d675c219ee1273cd0857869e8d51ec"
    },
    {
      "dest": ".claude/skills/diagnosing-superpowers/templates/case.md",
      "src": "skills/diagnosing-superpowers/templates/case.md",
      "sha256": "597892462be83bc478536ec91f7c285f6dd25d119c560734a3a180fe8471301d"
    },
    {
      "dest": ".claude/skills/diagnosing-superpowers/templates/issue.md",
      "src": "skills/diagnosing-superpowers/templates/issue.md",
      "sha256": "8f28dbfe60602f77dda76d81815cb4e2dce7d3e2a93348890e1581be8310ac1f"
    },
    {
      "dest": ".claude/skills/diagnosing-superpowers/templates/report.md",
      "src": "skills/diagnosing-superpowers/templates/report.md",
      "sha256": "38295d0fd785e8608f330815c59ebd7047942002ec7085aecbed54681f56b0c1"
    },
    {
      "dest": ".claude/skills/dispatch-panel-review/SKILL.md",
      "src": "skills/dispatch-panel-review/SKILL.md",
      "sha256": "5c7e62a8d9f59682873231fc12599bb0dc7d2394d2357f23ce4dcfab7739a594"
    },
    {
      "dest": ".claude/skills/dispatch-resolve-wave/SKILL.md",
      "src": "skills/dispatch-resolve-wave/SKILL.md",
      "sha256": "b30a7dc7e6a65ed49606319bb8a2bf5a9c45f7589f0bc1fc1681a305397cff9a"
    },
    {
      "dest": ".claude/skills/dispatch-resolve-wave/scripts/partition_waves.py",
      "src": "skills/dispatch-resolve-wave/scripts/partition_waves.py",
      "sha256": "26e9f0240c2f99cc1e2eed9d453f83a6b43770def7f1befcc457850f5cf66904",
      "mode": "755"
    },
    {
      "dest": ".claude/skills/dispatch-resolve-wave/scripts/prepare_wave_worktrees.py",
      "src": "skills/dispatch-resolve-wave/scripts/prepare_wave_worktrees.py",
      "sha256": "30b334922f1a2ccf1430aa6a847bd890e95047ae84e2b0a1235ea36ae22ad771",
      "mode": "755"
    },
    {
      "dest": ".claude/skills/dispatch-verifiers/SKILL.md",
      "src": "skills/dispatch-verifiers/SKILL.md",
      "sha256": "4ff73a3b5415c187a934e4410692bc23f44dd1d44cf06c4a4d4a57b7d1d6551c"
    },
    {
      "dest": ".claude/skills/dispatching-parallel-agents/SKILL.md",
      "src": "skills/dispatching-parallel-agents/SKILL.md",
      "sha256": "4ab3b63f9e09e0486fc49db3c32936342aa43ac1193cc5ef9151e9f7f4c2dd36"
    },
    {
      "dest": ".claude/skills/executing-plans/SKILL.md",
      "src": "skills/executing-plans/SKILL.md",
      "sha256": "67d30b3c0f9ada478fb766d61c92e959a67724ab0f23de95ccbbea95dc4414b0"
    },
    {
      "dest": ".claude/skills/executing-plans/scripts/task-done",
      "src": "skills/executing-plans/scripts/task-done",
      "sha256": "f704dc216e0602f95c601b9ee1113c9a55cc1c5f6e4d149dddfba0fd3ad1c314",
      "mode": "755"
    },
    {
      "dest": ".claude/skills/executing-plans/scripts/task-start",
      "src": "skills/executing-plans/scripts/task-start",
      "sha256": "f833693c8fce3700fc9f841562d80f8015cd40f652c168a3405ac3e46947a1fe",
      "mode": "755"
    },
    {
      "dest": ".claude/skills/finishing-a-development-branch/SKILL.md",
      "src": "skills/finishing-a-development-branch/SKILL.md",
      "sha256": "7344bc41dd015fbc72937023afae6a90749100ab45445c76aca2a9a201f99c4e"
    },
    {
      "dest": ".claude/skills/herdr/SKILL.md",
      "src": "skills/herdr/SKILL.md",
      "sha256": "204229e1deeef3a2bd51daf27605f8c3a8da1697ed77aa6297c405708fdc3f03"
    },
    {
      "dest": ".claude/skills/herdr/SOURCE.md",
      "src": "skills/herdr/SOURCE.md",
      "sha256": "899bae57d62828a569a9cced9460acc4099afe699b4710ed5543977fc00e50c1"
    },
    {
      "dest": ".claude/skills/learn/SKILL.md",
      "src": "skills/learn/SKILL.md",
      "sha256": "b3fcee50559187ca56a92cde3457d482483c6372d05d298dfc30f92f372e05c2"
    },
    {
      "dest": ".claude/skills/log-progress/SKILL.md",
      "src": "skills/log-progress/SKILL.md",
      "sha256": "e2926b8096feb21e020129166722d65fc3e16f9c8f483df4f20daf90715ca4b0"
    },
    {
      "dest": ".claude/skills/log-progress/references/review-history-template.md",
      "src": "skills/log-progress/references/review-history-template.md",
      "sha256": "2bc2156fafd40309c6c90142a19c554f9c36a9945ca88003d9f3017c0ef00535"
    },
    {
      "dest": ".claude/skills/log-progress/scripts/trim_review_history.py",
      "src": "skills/log-progress/scripts/trim_review_history.py",
      "sha256": "c0baa94f7afc1bc80bddba87d7af611259ec3f53bd88d96db9a1448c8281d473",
      "mode": "755"
    },
    {
      "dest": ".claude/skills/next-decision/SKILL.md",
      "src": "skills/next-decision/SKILL.md",
      "sha256": "3e1b9b7cacd9d3ae33b4eeff81e7984687035e16913a943761903ad237122fd0"
    },
    {
      "dest": ".claude/skills/playwright-agents/SKILL.md",
      "src": "skills/playwright-agents/SKILL.md",
      "sha256": "0eba7709401694c143be9ade353ec58057af3e242db7cdca0a4efe3afd31b80f"
    },
    {
      "dest": ".claude/skills/playwright-agents/references/ci.md",
      "src": "skills/playwright-agents/references/ci.md",
      "sha256": "2409bbc9ccbbb16883f2f971b78c777b48928bed232d5fc1dd6898975bddac07"
    },
    {
      "dest": ".claude/skills/playwright-agents/references/cursor-cloud.md",
      "src": "skills/playwright-agents/references/cursor-cloud.md",
      "sha256": "b7353d8c8e3ac274830ba6035f616f0c6013dcff4f21675ddf1c83efe842071e"
    },
    {
      "dest": ".claude/skills/playwright-agents/references/package-scripts.md",
      "src": "skills/playwright-agents/references/package-scripts.md",
      "sha256": "7ef0c79361670b586b173a87cb23c8a78ae5f4797e4d43df5f04dbb5bba6c634"
    },
    {
      "dest": ".claude/skills/playwright-agents/references/prompts.md",
      "src": "skills/playwright-agents/references/prompts.md",
      "sha256": "10ce60285232f2552bbbee58ad2220f7cd414c2bd4a61fad8a3d620ea7924939"
    },
    {
      "dest": ".claude/skills/playwright-agents/references/seed.spec.ts",
      "src": "skills/playwright-agents/references/seed.spec.ts",
      "sha256": "7aa21afa5b843acad6e265fb34859c8a06f0e0197ac5f108cf4b2404447a113f"
    },
    {
      "dest": ".claude/skills/ponytail-audit/SKILL.md",
      "src": "skills/ponytail-audit/SKILL.md",
      "sha256": "f0927b98a16eb479fc814f47b74c3c21fb4c029128e188bf406c3207bcd90d53"
    },
    {
      "dest": ".claude/skills/ponytail-audit/SOURCE.md",
      "src": "skills/ponytail-audit/SOURCE.md",
      "sha256": "3cb46d0b3cb97db8f97a93ac60fdd93da609dec1a4fbb16ea9b6c6da6bf2c524"
    },
    {
      "dest": ".claude/skills/ponytail-debt/SKILL.md",
      "src": "skills/ponytail-debt/SKILL.md",
      "sha256": "c7d40ba7ddd7f5e4e6f14873c060ff7cfa6cc69b27408d5251e56d9b24b29ba9"
    },
    {
      "dest": ".claude/skills/ponytail-debt/SOURCE.md",
      "src": "skills/ponytail-debt/SOURCE.md",
      "sha256": "0544eac46c9b64a6577c06ae7f1bc55e4a79608d8101a614770b874658f12daf"
    },
    {
      "dest": ".claude/skills/ponytail-gain/SKILL.md",
      "src": "skills/ponytail-gain/SKILL.md",
      "sha256": "00cf8723d8e7e8a82433cfb838ffb639740c515fd06344a98df706716f2a2ed1"
    },
    {
      "dest": ".claude/skills/ponytail-gain/SOURCE.md",
      "src": "skills/ponytail-gain/SOURCE.md",
      "sha256": "f72997e001b15d06ca14dacef5df8433e6386cf0bccee35a88ddcf1ac88541be"
    },
    {
      "dest": ".claude/skills/ponytail-help/SKILL.md",
      "src": "skills/ponytail-help/SKILL.md",
      "sha256": "ac6a3e0f9a4956bf166b110088fda987ea7f6fc89e22d8e7018614427b51658d"
    },
    {
      "dest": ".claude/skills/ponytail-help/SOURCE.md",
      "src": "skills/ponytail-help/SOURCE.md",
      "sha256": "fa378eb16a3b5748a1ba9a2e4c1eea53f3522717bb71f0eb71557b06a001cb04"
    },
    {
      "dest": ".claude/skills/ponytail-review/SKILL.md",
      "src": "skills/ponytail-review/SKILL.md",
      "sha256": "8dd4a843ed067b0d80ce7389e9294056884add72084e3f32466ae28ccffc5874"
    },
    {
      "dest": ".claude/skills/ponytail-review/SOURCE.md",
      "src": "skills/ponytail-review/SOURCE.md",
      "sha256": "d7babd69579435aacd6a55274f264fc10e98d5ac6eec709700d51c27933d9c98"
    },
    {
      "dest": ".claude/skills/ponytail/SKILL.md",
      "src": "skills/ponytail/SKILL.md",
      "sha256": "81c269b13c52567f92e458af04127ca16387337713bf4dd13fdfa2cb68382618"
    },
    {
      "dest": ".claude/skills/ponytail/SOURCE.md",
      "src": "skills/ponytail/SOURCE.md",
      "sha256": "b6d3d58b443595486553a6b8286ae5bb582d47d0372ddee44f2b7a7952b83257"
    },
    {
      "dest": ".claude/skills/receiving-code-review/SKILL.md",
      "src": "skills/receiving-code-review/SKILL.md",
      "sha256": "69013838842f01256e7fbdf5fc7138a1949051fe5c65eed474ea9df2fae0f7bf"
    },
    {
      "dest": ".claude/skills/report-review-run/SKILL.md",
      "src": "skills/report-review-run/SKILL.md",
      "sha256": "0e1dcc42fea9ffab88720d0a8da8887970de81e6d554aaf59fe28295a9c2e0ca"
    },
    {
      "dest": ".claude/skills/report-review-run/scripts/review_run_report.py",
      "src": "skills/report-review-run/scripts/review_run_report.py",
      "sha256": "c1c1b7dd8f2b6403024f44e0d8277032da2feec14eaa289c380a17e8a7338ea8",
      "mode": "755"
    },
    {
      "dest": ".claude/skills/requesting-code-review/SKILL.md",
      "src": "skills/requesting-code-review/SKILL.md",
      "sha256": "def7ea3354ad998bb2e5b1a2c5540681d157d429aeb154479068f0734b31ccaa"
    },
    {
      "dest": ".claude/skills/requesting-code-review/code-reviewer.md",
      "src": "skills/requesting-code-review/code-reviewer.md",
      "sha256": "82e370be6b3447523816286195571e4216ba56ba1ad6ad0e87862294c4c78dcb"
    },
    {
      "dest": ".claude/skills/resolve-next-task/SKILL.md",
      "src": "skills/resolve-next-task/SKILL.md",
      "sha256": "4f485a9e0bd661f33a11489434e8cc713034cea2c3f8f0c53fe874d1fdcb0d17"
    },
    {
      "dest": ".claude/skills/rtk/SKILL.md",
      "src": "skills/rtk/SKILL.md",
      "sha256": "b6df8baf64d245df4d88f27103ace2bf6020c53fc530ca09b14b090f3ec2e750"
    },
    {
      "dest": ".claude/skills/rtk/SOURCE.md",
      "src": "skills/rtk/SOURCE.md",
      "sha256": "53b6559a2b8277c45c7e8f9e2fdc077b4be6bd62a27d8f0c28af2d5f755e6c56"
    },
    {
      "dest": ".claude/skills/subagent-driven-development/SKILL.md",
      "src": "skills/subagent-driven-development/SKILL.md",
      "sha256": "4001c9d812841ff1a12a962c7f0842def4c42b39672fb1751b6eb5f173551571"
    },
    {
      "dest": ".claude/skills/subagent-driven-development/implementer-prompt.md",
      "src": "skills/subagent-driven-development/implementer-prompt.md",
      "sha256": "81dd9d5a3fb0b09b96b5829f03b9796842f3199ef7591d1ba1c2db2a515f64d0"
    },
    {
      "dest": ".claude/skills/subagent-driven-development/re-review-prompt.md",
      "src": "skills/subagent-driven-development/re-review-prompt.md",
      "sha256": "0828a5e9cbb12ba49f14621dd8c3953c48c0fc383e75bb5494f055ed0d6d824f"
    },
    {
      "dest": ".claude/skills/subagent-driven-development/scripts/review-package",
      "src": "skills/subagent-driven-development/scripts/review-package",
      "sha256": "f9275175b2276b1d5fdb1bae0bedaadd2a950659b7c6f311ea37ff85e1861b1f",
      "mode": "755"
    },
    {
      "dest": ".claude/skills/subagent-driven-development/scripts/sdd-workspace",
      "src": "skills/subagent-driven-development/scripts/sdd-workspace",
      "sha256": "75ca46c756ba4209ca36e0d3d65567257ceb33bc7a6775b9dad946707cb3bd7b",
      "mode": "755"
    },
    {
      "dest": ".claude/skills/subagent-driven-development/scripts/task-brief",
      "src": "skills/subagent-driven-development/scripts/task-brief",
      "sha256": "cc563538e09abf719b34ddf4b2fa7a65cf3b301729039dbfa923cb060f729146",
      "mode": "755"
    },
    {
      "dest": ".claude/skills/subagent-driven-development/task-reviewer-prompt.md",
      "src": "skills/subagent-driven-development/task-reviewer-prompt.md",
      "sha256": "bfed55c8f19d0ff6ed57b0fe09127c92890e9311c6c73917129598826bf9ebe8"
    },
    {
      "dest": ".claude/skills/systematic-debugging/CREATION-LOG.md",
      "src": "skills/systematic-debugging/CREATION-LOG.md",
      "sha256": "c24733a5b1821bd6bed1fc950261f0b9f4e90097e0bbb96459d8179713730789"
    },
    {
      "dest": ".claude/skills/systematic-debugging/SKILL.md",
      "src": "skills/systematic-debugging/SKILL.md",
      "sha256": "41ff75409411e14a9ee168b7d3c132681e386991b32954786c8e639010a02907"
    },
    {
      "dest": ".claude/skills/systematic-debugging/condition-based-waiting-example.ts",
      "src": "skills/systematic-debugging/condition-based-waiting-example.ts",
      "sha256": "40ae5ebe497fdf310200e43fe986552546d0a22837c0d39e855db1cfd33eb88e"
    },
    {
      "dest": ".claude/skills/systematic-debugging/condition-based-waiting.md",
      "src": "skills/systematic-debugging/condition-based-waiting.md",
      "sha256": "e89fec8400d6cd50f43407cec9fab50976ba4d55d0ec2eb51c0bd68036b54c26"
    },
    {
      "dest": ".claude/skills/systematic-debugging/defense-in-depth.md",
      "src": "skills/systematic-debugging/defense-in-depth.md",
      "sha256": "1e175fb86fc357e58c6aebf5441e481e1b7868b4380c0456b63a17eefbd18ba7"
    },
    {
      "dest": ".claude/skills/systematic-debugging/find-polluter.sh",
      "src": "skills/systematic-debugging/find-polluter.sh",
      "sha256": "dd7b8f13c4cc2a24b33ff87b18da9248f3e1c80a085c3316224f69ff0fa5c43c",
      "mode": "755"
    },
    {
      "dest": ".claude/skills/systematic-debugging/root-cause-tracing.md",
      "src": "skills/systematic-debugging/root-cause-tracing.md",
      "sha256": "75b933b6a8c40bdb2031b10f21654395b56ec6ab6bc7b018c18d3fe57aeb7fb8"
    },
    {
      "dest": ".claude/skills/systematic-debugging/test-academic.md",
      "src": "skills/systematic-debugging/test-academic.md",
      "sha256": "fe2ba480d78ac0d686dc025f41c2a32a43d642bf533f91b0c6053a04d35d6486"
    },
    {
      "dest": ".claude/skills/systematic-debugging/test-pressure-1.md",
      "src": "skills/systematic-debugging/test-pressure-1.md",
      "sha256": "0b6a915db0054577819834c79be9eb614e97bddba10d73768e1fbe91cfed048a"
    },
    {
      "dest": ".claude/skills/systematic-debugging/test-pressure-2.md",
      "src": "skills/systematic-debugging/test-pressure-2.md",
      "sha256": "b2030aeffba07050e8ad573ddf87486457c4a016a786bb326235bebd856f2016"
    },
    {
      "dest": ".claude/skills/systematic-debugging/test-pressure-3.md",
      "src": "skills/systematic-debugging/test-pressure-3.md",
      "sha256": "96b50a52e2c7989c9cf20fb752c47c1e9a3a70dc362f8f7989f8f5b64dac7708"
    },
    {
      "dest": ".claude/skills/test-driven-development/SKILL.md",
      "src": "skills/test-driven-development/SKILL.md",
      "sha256": "01577368be4d846af0f332d64cc656ff49c5e26dac60f6fe3b91585ac82a7e80"
    },
    {
      "dest": ".claude/skills/test-driven-development/writing-good-tests.md",
      "src": "skills/test-driven-development/writing-good-tests.md",
      "sha256": "51471c853306ff92ca8bb41dcaea05f31c0e46b03651f8f3c99754b7172f4ae1"
    },
    {
      "dest": ".claude/skills/unslop/SKILL.md",
      "src": "skills/unslop/SKILL.md",
      "sha256": "d5ebf90120faa98e8f4287e98075c430a709b3327bc9f3bac1d11858c1701b36"
    },
    {
      "dest": ".claude/skills/unslop/SOURCE.md",
      "src": "skills/unslop/SOURCE.md",
      "sha256": "f3dc4b868c27ffdeda5847583d8b02576407fb038cf31ae16a9324fe9b3b912c"
    },
    {
      "dest": ".claude/skills/using-git-worktrees/SKILL.md",
      "src": "skills/using-git-worktrees/SKILL.md",
      "sha256": "61d38d20cbd890fbe635e6cab806c9d864ba4ccf60a033ddd59c686d2b0ba501"
    },
    {
      "dest": ".claude/skills/using-superpowers/SKILL.md",
      "src": "skills/using-superpowers/SKILL.md",
      "sha256": "ed4d4f2707d74b41f423b3e5031c37b95dcdf95645b1ae8c053cd76a3dffeaf4"
    },
    {
      "dest": ".claude/skills/using-superpowers/references/antigravity-tools.md",
      "src": "skills/using-superpowers/references/antigravity-tools.md",
      "sha256": "4880f6de3da4e32f9659ebe7a72b9e0ebfff04e028c2ed96173f86d0387a04c0"
    },
    {
      "dest": ".claude/skills/using-superpowers/references/claude-code-tools.md",
      "src": "skills/using-superpowers/references/claude-code-tools.md",
      "sha256": "21479a3fee27448cab8748a3b5687e53bb257883bda9c070426f9a1ab5cebf1b"
    },
    {
      "dest": ".claude/skills/using-superpowers/references/codex-tools.md",
      "src": "skills/using-superpowers/references/codex-tools.md",
      "sha256": "1a38ad9b188c393052f58d95657a1c35ea6aafc8b5a27f198f3922912f70bbe7"
    },
    {
      "dest": ".claude/skills/using-superpowers/references/gemini-tools.md",
      "src": "skills/using-superpowers/references/gemini-tools.md",
      "sha256": "62b9157bcb0ee3c6784e3d0da0798ddfa5872f9e0c34bea48f3079dabea71965"
    },
    {
      "dest": ".claude/skills/using-superpowers/references/hermes-tools.md",
      "src": "skills/using-superpowers/references/hermes-tools.md",
      "sha256": "e2185c976a3c87503910e05e2aea58cc89bc8e569bb624b93df9958ac47a9190"
    },
    {
      "dest": ".claude/skills/using-superpowers/references/muse-tools.md",
      "src": "skills/using-superpowers/references/muse-tools.md",
      "sha256": "5a1da5c575fe18456ca71cd47ebfd8a38c745f8d82a67fe64d5b83080000eeb3"
    },
    {
      "dest": ".claude/skills/using-superpowers/references/pi-tools.md",
      "src": "skills/using-superpowers/references/pi-tools.md",
      "sha256": "703dbc83d23ecab9c6f388460c38abc482e9dee2fe6772a8c7a255152ad3a4d5"
    },
    {
      "dest": ".claude/skills/verification-before-completion/SKILL.md",
      "src": "skills/verification-before-completion/SKILL.md",
      "sha256": "bbd98d922bf94bf4c7e3cc8219e0bbef93d670403b0f57bc76456f7c3eab1699"
    },
    {
      "dest": ".claude/skills/writing-plans/SKILL.md",
      "src": "skills/writing-plans/SKILL.md",
      "sha256": "f99b143e0d096ac599a924d37d494ad9d63f82883b8a8271b8c0695862aaa24b"
    },
    {
      "dest": ".claude/skills/writing-skills/SKILL.md",
      "src": "skills/writing-skills/SKILL.md",
      "sha256": "b612847ab71fe1535aa02b03c5919804dfb8c6a0fb36a2a1641c0500f52dcf41"
    },
    {
      "dest": ".claude/skills/writing-skills/anthropic-best-practices.md",
      "src": "skills/writing-skills/anthropic-best-practices.md",
      "sha256": "217629b356c09c9bd11017c9788e8fc654ca1b32c92d4a51cd490e16dd65e59a"
    },
    {
      "dest": ".claude/skills/writing-skills/examples/CLAUDE_MD_TESTING.md",
      "src": "skills/writing-skills/examples/CLAUDE_MD_TESTING.md",
      "sha256": "0b379a3415e185d3c434b3ad283d8aa132f3022c2a4f210f168865b5986bcef0"
    },
    {
      "dest": ".claude/skills/writing-skills/graphviz-conventions.dot",
      "src": "skills/writing-skills/graphviz-conventions.dot",
      "sha256": "e2890a593c91370e384b42f2f67b1a6232c9e69dddea7891a0c1c46d7b20b694"
    },
    {
      "dest": ".claude/skills/writing-skills/persuasion-principles.md",
      "src": "skills/writing-skills/persuasion-principles.md",
      "sha256": "a51bc9bf75189ea73a27b3fb504a2fdfdb966fb1f7f1cdf03203230a216ccc03"
    },
    {
      "dest": ".claude/skills/writing-skills/render-graphs.js",
      "src": "skills/writing-skills/render-graphs.js",
      "sha256": "c7f412cc629461c4d10287e668731874c0497707023e3e3f74a5355eb2cee196",
      "mode": "755"
    },
    {
      "dest": ".claude/skills/writing-skills/testing-skills-with-subagents.md",
      "src": "skills/writing-skills/testing-skills-with-subagents.md",
      "sha256": "c711346852c911b24a84aa161e0cff06a4cd7f4e2fa9e9c0a266cead5afcbade"
    },
    {
      "dest": ".cursor/hooks.json",
      "src": "__generated__/cursor/hooks.json",
      "sha256": "0b02345c55319f16b258b07306d616968c3ff54a08099f078c5fe61c9fadb238"
    },
    {
      "dest": ".cursor/hooks/deny-dangerous/dangerous-patterns.txt",
      "src": "hooks/deny-dangerous/dangerous-patterns.txt",
      "sha256": "9bd6e7ea686253890b4c59b4bf50281ee2b901abfd5bd4160b3d6d4e2c19cdb8"
    },
    {
      "dest": ".cursor/hooks/deny-dangerous/deny-dangerous.sh",
      "src": "hooks/deny-dangerous/deny-dangerous.sh",
      "sha256": "7c01658581faa4afcb8c95280dce34bde8345bf47b4aeec0cd4510b6cc3eb35e",
      "mode": "755"
    },
    {
      "dest": ".cursor/hooks/deny-dangerous/test-guard.sh",
      "src": "hooks/deny-dangerous/test-guard.sh",
      "sha256": "8347c36e8947ba86f1960e6dcd313891297bb8532e5f8ab9ba91164fb260bcde",
      "mode": "755"
    },
    {
      "dest": ".cursor/hooks/ponytail-activate/SOURCE.md",
      "src": "hooks/ponytail-activate/SOURCE.md",
      "sha256": "65ea61e3e4df854e6e924083c6e6c7ab1fab673261c9ad9e05fbac844357330d"
    },
    {
      "dest": ".cursor/hooks/ponytail-activate/ponytail-activate",
      "src": "hooks/ponytail-activate/ponytail-activate",
      "sha256": "a9d6edc5e0f8525b8eedd48dbe577bc89738bfe6ab3dc648474d2840d49d5d35",
      "mode": "755"
    },
    {
      "dest": ".cursor/hooks/rtk-rewrite/SOURCE.md",
      "src": "hooks/rtk-rewrite/SOURCE.md",
      "sha256": "cc2be88b02eb5ba835dae24df61df76cd306da2ac8ba793e8c875260c3a5e547"
    },
    {
      "dest": ".cursor/hooks/rtk-rewrite/rtk-rewrite.sh",
      "src": "hooks/rtk-rewrite/rtk-rewrite.sh",
      "sha256": "70b6ca39d5321701954f483db20bd57313582de97937c3dc6fc8a9b145643e21",
      "mode": "755"
    },
    {
      "dest": ".cursor/hooks/session-start/SOURCE.md",
      "src": "hooks/session-start/SOURCE.md",
      "sha256": "f3dce5565254dacdac9f17c25030f905a2c75f68db07b0323c4f7329d453b604"
    },
    {
      "dest": ".cursor/hooks/session-start/session-start",
      "src": "hooks/session-start/session-start",
      "sha256": "7af6845efc20f584ef8aeb11c5f36b3d38e74ab65898dc8bb30e8a2a6250f62b",
      "mode": "755"
    },
    {
      "dest": ".cursor/hooks/skill-telemetry/SOURCE.md",
      "src": "hooks/skill-telemetry/SOURCE.md",
      "sha256": "917b66cfcdf7ce36e1ce7e0843dbd2c522c58fe412998584c156979dc85f4c71"
    },
    {
      "dest": ".cursor/hooks/skill-telemetry/skill-telemetry",
      "src": "hooks/skill-telemetry/skill-telemetry",
      "sha256": "fdff1d636352380ba4a7cc0ef39b667eab929c90c47b3ebf22bb9e1034aa0cb1",
      "mode": "755"
    },
    {
      "dest": ".cursor/hooks/skill-telemetry/skill_telemetry.py",
      "src": "hooks/skill-telemetry/skill_telemetry.py",
      "sha256": "13e2bf2be10a20fab680cd7be78e6339ec93c2889e83638699e5907a806a9b2a",
      "mode": "755"
    },
    {
      "dest": ".cursor/mcp.json",
      "src": "__generated__/cursor/mcp.json",
      "sha256": "47f3a1c1bb9c7ffa672079d82bf7b0ba8137006f201b0821bf1c0b40974dadd5"
    },
    {
      "dest": ".cursor/rules/agent-authoring.mdc",
      "src": "rules/agents/agent-authoring.mdc",
      "sha256": "1f8f797cf5065fc2f9e179d3d02520f3c955c5acf57b38718205dbc293cbb245"
    },
    {
      "dest": ".cursor/rules/colocated-evals.mdc",
      "src": "rules/core/colocated-evals.mdc",
      "sha256": "a708b786ffc4e17377e9e7ee7a11bc63c262dfc1851e0b998efe0e266568967e"
    },
    {
      "dest": ".cursor/rules/commit-style.mdc",
      "src": "rules/core/commit-style.mdc",
      "sha256": "b004946994224f2a80078c2f68dac59a4079d1a25b3f8cf6a7857dc618af578a"
    },
    {
      "dest": ".cursor/rules/honor-check-intent.mdc",
      "src": "rules/core/honor-check-intent.mdc",
      "sha256": "950107743c0de141a857fbb760cf564e4799572eef33bdf06980bf0d6482305c"
    },
    {
      "dest": ".cursor/rules/no-auto-merge.mdc",
      "src": "rules/core/no-auto-merge.mdc",
      "sha256": "f488740e2892f636f173b864b55a44ab957701b59a423acf79efec889aff85b0"
    },
    {
      "dest": ".cursor/rules/no-autonomous-external-comms.mdc",
      "src": "rules/core/no-autonomous-external-comms.mdc",
      "sha256": "947f5e28aa0cb4ca337361a42b5c630313304902658115ae7b5c80b8e185a24b"
    },
    {
      "dest": ".cursor/rules/no-cursor-coauthor.mdc",
      "src": "rules/core/no-cursor-coauthor.mdc",
      "sha256": "d80d833d02dc90c8939b6103027a348a95717c69fc1c39644be8a8c178a25e0b"
    },
    {
      "dest": ".cursor/rules/ponytail.mdc",
      "src": "rules/coding/ponytail.mdc",
      "sha256": "9e585cb555e061a86f6c1eb7cf0c7b7e7636f6a5e0935c7aac167ffc199b6d24"
    },
    {
      "dest": ".cursor/rules/pr-ready-for-review.mdc",
      "src": "rules/core/pr-ready-for-review.mdc",
      "sha256": "b22596c29d8327134e79f4c97c17d2a5068772aa3b1a4031be540dafa5bf6b46"
    },
    {
      "dest": ".cursor/rules/pytest.mdc",
      "src": "rules/python/pytest.mdc",
      "sha256": "5064e960baa4d5ae8379476f0d7c9d183412ac22c46fd8556a1525e5f1381cf2"
    },
    {
      "dest": ".cursor/rules/python-code-style.mdc",
      "src": "rules/python/python-code-style.mdc",
      "sha256": "6dfe01d37477c81176c7564697e281aad26bde5840486af9ce1a2bcf907a555e"
    },
    {
      "dest": ".cursor/rules/repo-conventions.mdc",
      "src": "rules/core/repo-conventions.mdc",
      "sha256": "b7100149cedbc989ba2bef31ef5937009d2b1ca77384c3fbf5b89014eab5bb59"
    },
    {
      "dest": ".cursor/rules/test-agents.mdc",
      "src": "rules/playwright/test-agents.mdc",
      "sha256": "ebdbc59c05b5830a33b54d7ff2a2333b4709c07a74db33d8ad05d882ad2722cc"
    },
    {
      "dest": ".mcp.json",
      "src": "__generated__/claude/mcp.json",
      "sha256": "e14b3dc073dddf751dce5ea5fb3007be05cf12629678485a9868d33c63e39c25"
    },
    {
      "dest": "e2e/.cursor/rules/e2e-conventions.mdc",
      "src": "rules/playwright/e2e-conventions.mdc",
      "sha256": "111c8544adc6118693f55fce9d4800de31ac4f26bb6159652e5a2854e90efb57"
    }
  ],
  "managed_blocks": [
    {
      "file": "AGENTS.md",
      "block": "agent-rules",
      "sha256": "912d78beb48a8084dccb14dc22d16285698640d85617d189e4970ef79766c57e"
    },
    {
      "file": "CLAUDE.md",
      "block": "agents-import",
      "sha256": "5dd8dfb31b3dc92efb1b60e83e51460fb31b4e834b670b57f7397327d0eaded8"
    }
  ]
}
